// !$*UTF8*$!
{
	archiveVersion = 1;
	classes = {
	};
	objectVersion = 51;
	objects = {

/* Begin PBXBuildFile section */
		2B423B631B6B93871935275B /* Pods_scrapper.framework in Frameworks */ = {isa = PBXBuildFile; fileRef = 5B8B73B69D0B14133E5E3B2C /* Pods_scrapper.framework */; };
		B520381123F30A280025B571 /* NetworkManager.swift in Sources */ = {isa = PBXBuildFile; fileRef = B520381023F30A280025B571 /* NetworkManager.swift */; };
		B520383723F3D99A0025B571 /* Constant.swift in Sources */ = {isa = PBXBuildFile; fileRef = B520383623F3D99A0025B571 /* Constant.swift */; };
		B520383B23F3F0DC0025B571 /* RestAPIResponse.swift in Sources */ = {isa = PBXBuildFile; fileRef = B520383A23F3F0DC0025B571 /* RestAPIResponse.swift */; };
		B5460C2223F28A20002A199E /* KeywordViewController.swift in Sources */ = {isa = PBXBuildFile; fileRef = B5460C2123F28A20002A199E /* KeywordViewController.swift */; };
		B5460C2923F28BE2002A199E /* Keyword.swift in Sources */ = {isa = PBXBuildFile; fileRef = B5460C2823F28BE2002A199E /* Keyword.swift */; };
		B5460C2E23F28EB9002A199E /* KeywordTableViewCell.swift in Sources */ = {isa = PBXBuildFile; fileRef = B5460C2C23F28EB9002A199E /* KeywordTableViewCell.swift */; };
		B5460C2F23F28EB9002A199E /* KeywordTableViewCell.xib in Resources */ = {isa = PBXBuildFile; fileRef = B5460C2D23F28EB9002A199E /* KeywordTableViewCell.xib */; };
		B5460C3123F2A45B002A199E /* CategortyViewController.swift in Sources */ = {isa = PBXBuildFile; fileRef = B5460C3023F2A45B002A199E /* CategortyViewController.swift */; };
		B5460C3323F2A648002A199E /* NewsListViewController.swift in Sources */ = {isa = PBXBuildFile; fileRef = B5460C3223F2A648002A199E /* NewsListViewController.swift */; };
		B5460C3523F2A6EC002A199E /* Category.swift in Sources */ = {isa = PBXBuildFile; fileRef = B5460C3423F2A6EC002A199E /* Category.swift */; };
		B5460C3823F2B0CA002A199E /* CategoryTableViewCell.swift in Sources */ = {isa = PBXBuildFile; fileRef = B5460C3623F2B0CA002A199E /* CategoryTableViewCell.swift */; };
		B5460C3923F2B0CA002A199E /* CategoryTableViewCell.xib in Resources */ = {isa = PBXBuildFile; fileRef = B5460C3723F2B0CA002A199E /* CategoryTableViewCell.xib */; };
		B5460C3C23F2B0DA002A199E /* NewsTableViewCell.swift in Sources */ = {isa = PBXBuildFile; fileRef = B5460C3A23F2B0DA002A199E /* NewsTableViewCell.swift */; };
		B5460C3D23F2B0DA002A199E /* NewsTableViewCell.xib in Resources */ = {isa = PBXBuildFile; fileRef = B5460C3B23F2B0DA002A199E /* NewsTableViewCell.xib */; };
		B5486D8B23F23461008A5ABD /* AppDelegate.swift in Sources */ = {isa = PBXBuildFile; fileRef = B5486D8A23F23461008A5ABD /* AppDelegate.swift */; };
		B5486D8D23F23461008A5ABD /* SceneDelegate.swift in Sources */ = {isa = PBXBuildFile; fileRef = B5486D8C23F23461008A5ABD /* SceneDelegate.swift */; };
		B5486D8F23F23461008A5ABD /* LoginViewController.swift in Sources */ = {isa = PBXBuildFile; fileRef = B5486D8E23F23461008A5ABD /* LoginViewController.swift */; };
		B5486D9223F23461008A5ABD /* Main.storyboard in Resources */ = {isa = PBXBuildFile; fileRef = B5486D9023F23461008A5ABD /* Main.storyboard */; };
		B5486D9423F23463008A5ABD /* Assets.xcassets in Resources */ = {isa = PBXBuildFile; fileRef = B5486D9323F23463008A5ABD /* Assets.xcassets */; };
		B5486D9723F23463008A5ABD /* LaunchScreen.storyboard in Resources */ = {isa = PBXBuildFile; fileRef = B5486D9523F23463008A5ABD /* LaunchScreen.storyboard */; };
		B565A5BD23F58726001055CF /* NaverNews.swift in Sources */ = {isa = PBXBuildFile; fileRef = B565A5BC23F58726001055CF /* NaverNews.swift */; };
		B565A5BF23F64243001055CF /* BookMarkViewController.swift in Sources */ = {isa = PBXBuildFile; fileRef = B565A5BE23F64243001055CF /* BookMarkViewController.swift */; };
		B565A5C123F669FA001055CF /* Util.swift in Sources */ = {isa = PBXBuildFile; fileRef = B565A5C023F669FA001055CF /* Util.swift */; };
		B57E879223F2EA2B002FC196 /* News.swift in Sources */ = {isa = PBXBuildFile; fileRef = B57E879123F2EA2B002FC196 /* News.swift */; };
		B5872F04247D11F300F12A8F /* Localizable.strings in Resources */ = {isa = PBXBuildFile; fileRef = B5872F06247D11F300F12A8F /* Localizable.strings */; };
/* End PBXBuildFile section */

/* Begin PBXFileReference section */
		5B8B73B69D0B14133E5E3B2C /* Pods_scrapper.framework */ = {isa = PBXFileReference; explicitFileType = wrapper.framework; includeInIndex = 0; path = Pods_scrapper.framework; sourceTree = BUILT_PRODUCTS_DIR; };
		9536FFA7805617997291493C /* Pods-scrapper.debug.xcconfig */ = {isa = PBXFileReference; includeInIndex = 1; lastKnownFileType = text.xcconfig; name = "Pods-scrapper.debug.xcconfig"; path = "Target Support Files/Pods-scrapper/Pods-scrapper.debug.xcconfig"; sourceTree = "<group>"; };
		9F87F1596BC1A78054548C59 /* Pods-scrapper.release.xcconfig */ = {isa = PBXFileReference; includeInIndex = 1; lastKnownFileType = text.xcconfig; name = "Pods-scrapper.release.xcconfig"; path = "Target Support Files/Pods-scrapper/Pods-scrapper.release.xcconfig"; sourceTree = "<group>"; };
		B520381023F30A280025B571 /* NetworkManager.swift */ = {isa = PBXFileReference; lastKnownFileType = sourcecode.swift; path = NetworkManager.swift; sourceTree = "<group>"; };
		B520383623F3D99A0025B571 /* Constant.swift */ = {isa = PBXFileReference; lastKnownFileType = sourcecode.swift; path = Constant.swift; sourceTree = "<group>"; };
		B520383A23F3F0DC0025B571 /* RestAPIResponse.swift */ = {isa = PBXFileReference; lastKnownFileType = sourcecode.swift; path = RestAPIResponse.swift; sourceTree = "<group>"; };
		B5460C2123F28A20002A199E /* KeywordViewController.swift */ = {isa = PBXFileReference; lastKnownFileType = sourcecode.swift; path = KeywordViewController.swift; sourceTree = "<group>"; };
		B5460C2823F28BE2002A199E /* Keyword.swift */ = {isa = PBXFileReference; lastKnownFileType = sourcecode.swift; path = Keyword.swift; sourceTree = "<group>"; };
		B5460C2C23F28EB9002A199E /* KeywordTableViewCell.swift */ = {isa = PBXFileReference; lastKnownFileType = sourcecode.swift; path = KeywordTableViewCell.swift; sourceTree = "<group>"; };
		B5460C2D23F28EB9002A199E /* KeywordTableViewCell.xib */ = {isa = PBXFileReference; lastKnownFileType = file.xib; path = KeywordTableViewCell.xib; sourceTree = "<group>"; };
		B5460C3023F2A45B002A199E /* CategortyViewController.swift */ = {isa = PBXFileReference; lastKnownFileType = sourcecode.swift; path = CategortyViewController.swift; sourceTree = "<group>"; };
		B5460C3223F2A648002A199E /* NewsListViewController.swift */ = {isa = PBXFileReference; lastKnownFileType = sourcecode.swift; path = NewsListViewController.swift; sourceTree = "<group>"; };
		B5460C3423F2A6EC002A199E /* Category.swift */ = {isa = PBXFileReference; lastKnownFileType = sourcecode.swift; path = Category.swift; sourceTree = "<group>"; };
		B5460C3623F2B0CA002A199E /* CategoryTableViewCell.swift */ = {isa = PBXFileReference; lastKnownFileType = sourcecode.swift; path = CategoryTableViewCell.swift; sourceTree = "<group>"; };
		B5460C3723F2B0CA002A199E /* CategoryTableViewCell.xib */ = {isa = PBXFileReference; lastKnownFileType = file.xib; path = CategoryTableViewCell.xib; sourceTree = "<group>"; };
		B5460C3A23F2B0DA002A199E /* NewsTableViewCell.swift */ = {isa = PBXFileReference; lastKnownFileType = sourcecode.swift; path = NewsTableViewCell.swift; sourceTree = "<group>"; };
		B5460C3B23F2B0DA002A199E /* NewsTableViewCell.xib */ = {isa = PBXFileReference; lastKnownFileType = file.xib; path = NewsTableViewCell.xib; sourceTree = "<group>"; };
		B5486D8723F23461008A5ABD /* 뉴스스크랩.app */ = {isa = PBXFileReference; explicitFileType = wrapper.application; includeInIndex = 0; path = "뉴스스크랩.app"; sourceTree = BUILT_PRODUCTS_DIR; };
		B5486D8A23F23461008A5ABD /* AppDelegate.swift */ = {isa = PBXFileReference; lastKnownFileType = sourcecode.swift; path = AppDelegate.swift; sourceTree = "<group>"; };
		B5486D8C23F23461008A5ABD /* SceneDelegate.swift */ = {isa = PBXFileReference; lastKnownFileType = sourcecode.swift; path = SceneDelegate.swift; sourceTree = "<group>"; };
		B5486D8E23F23461008A5ABD /* LoginViewController.swift */ = {isa = PBXFileReference; lastKnownFileType = sourcecode.swift; path = LoginViewController.swift; sourceTree = "<group>"; };
		B5486D9123F23461008A5ABD /* Base */ = {isa = PBXFileReference; lastKnownFileType = file.storyboard; name = Base; path = Base.lproj/Main.storyboard; sourceTree = "<group>"; };
		B5486D9323F23463008A5ABD /* Assets.xcassets */ = {isa = PBXFileReference; lastKnownFileType = folder.assetcatalog; path = Assets.xcassets; sourceTree = "<group>"; };
		B5486D9623F23463008A5ABD /* Base */ = {isa = PBXFileReference; lastKnownFileType = file.storyboard; name = Base; path = Base.lproj/LaunchScreen.storyboard; sourceTree = "<group>"; };
		B5486D9823F23463008A5ABD /* Info.plist */ = {isa = PBXFileReference; lastKnownFileType = text.plist.xml; path = Info.plist; sourceTree = "<group>"; };
		B565A5BC23F58726001055CF /* NaverNews.swift */ = {isa = PBXFileReference; lastKnownFileType = sourcecode.swift; path = NaverNews.swift; sourceTree = "<group>"; };
		B565A5BE23F64243001055CF /* BookMarkViewController.swift */ = {isa = PBXFileReference; lastKnownFileType = sourcecode.swift; path = BookMarkViewController.swift; sourceTree = "<group>"; };
		B565A5C023F669FA001055CF /* Util.swift */ = {isa = PBXFileReference; lastKnownFileType = sourcecode.swift; path = Util.swift; sourceTree = "<group>"; };
		B57E879123F2EA2B002FC196 /* News.swift */ = {isa = PBXFileReference; lastKnownFileType = sourcecode.swift; path = News.swift; sourceTree = "<group>"; };
		B5872F05247D11F300F12A8F /* en */ = {isa = PBXFileReference; lastKnownFileType = text.plist.strings; name = en; path = en.lproj/Localizable.strings; sourceTree = "<group>"; };
		B5872F07247D120000F12A8F /* ko */ = {isa = PBXFileReference; lastKnownFileType = text.plist.strings; name = ko; path = ko.lproj/Main.strings; sourceTree = "<group>"; };
		B5872F08247D120000F12A8F /* ko */ = {isa = PBXFileReference; lastKnownFileType = text.plist.strings; name = ko; path = ko.lproj/LaunchScreen.strings; sourceTree = "<group>"; };
		B5872F09247D120000F12A8F /* ko */ = {isa = PBXFileReference; lastKnownFileType = text.plist.strings; name = ko; path = ko.lproj/Localizable.strings; sourceTree = "<group>"; };
/* End PBXFileReference section */

/* Begin PBXFrameworksBuildPhase section */
		B5486D8423F23461008A5ABD /* Frameworks */ = {
			isa = PBXFrameworksBuildPhase;
			buildActionMask = 2147483647;
			files = (
				2B423B631B6B93871935275B /* Pods_scrapper.framework in Frameworks */,
			);
			runOnlyForDeploymentPostprocessing = 0;
		};
/* End PBXFrameworksBuildPhase section */

/* Begin PBXGroup section */
		B520380F23F309900025B571 /* Manager */ = {
			isa = PBXGroup;
			children = (
				B520381023F30A280025B571 /* NetworkManager.swift */,
			);
			path = Manager;
			sourceTree = "<group>";
		};
		B520381423F3CDEC0025B571 /* Application */ = {
			isa = PBXGroup;
			children = (
				B5486D9023F23461008A5ABD /* Main.storyboard */,
				B5486D9523F23463008A5ABD /* LaunchScreen.storyboard */,
				B5486D8A23F23461008A5ABD /* AppDelegate.swift */,
				B5486D8C23F23461008A5ABD /* SceneDelegate.swift */,
			);
			path = Application;
			sourceTree = "<group>";
		};
		B520381923F3CF180025B571 /* Login */ = {
			isa = PBXGroup;
			children = (
				B520381C23F3CF3C0025B571 /* Model */,
				B520381B23F3CF350025B571 /* View */,
				B520381A23F3CF230025B571 /* Controller */,
			);
			path = Login;
			sourceTree = "<group>";
		};
		B520381A23F3CF230025B571 /* Controller */ = {
			isa = PBXGroup;
			children = (
				B5486D8E23F23461008A5ABD /* LoginViewController.swift */,
			);
			path = Controller;
			sourceTree = "<group>";
		};
		B520381B23F3CF350025B571 /* View */ = {
			isa = PBXGroup;
			children = (
			);
			path = View;
			sourceTree = "<group>";
		};
		B520381C23F3CF3C0025B571 /* Model */ = {
			isa = PBXGroup;
			children = (
			);
			path = Model;
			sourceTree = "<group>";
		};
		B520382123F3D00C0025B571 /* News */ = {
			isa = PBXGroup;
			children = (
				B520382223F3D00C0025B571 /* Controller */,
				B520382323F3D00C0025B571 /* Model */,
				B520382423F3D00C0025B571 /* View */,
			);
			path = News;
			sourceTree = "<group>";
		};
		B520382223F3D00C0025B571 /* Controller */ = {
			isa = PBXGroup;
			children = (
				B5460C2123F28A20002A199E /* KeywordViewController.swift */,
				B5460C3023F2A45B002A199E /* CategortyViewController.swift */,
				B5460C3223F2A648002A199E /* NewsListViewController.swift */,
				B565A5BE23F64243001055CF /* BookMarkViewController.swift */,
			);
			path = Controller;
			sourceTree = "<group>";
		};
		B520382323F3D00C0025B571 /* Model */ = {
			isa = PBXGroup;
			children = (
				B5460C2823F28BE2002A199E /* Keyword.swift */,
				B565A5BC23F58726001055CF /* NaverNews.swift */,
				B5460C3423F2A6EC002A199E /* Category.swift */,
				B57E879123F2EA2B002FC196 /* News.swift */,
			);
			path = Model;
			sourceTree = "<group>";
		};
		B520382423F3D00C0025B571 /* View */ = {
			isa = PBXGroup;
			children = (
				B5460C2C23F28EB9002A199E /* KeywordTableViewCell.swift */,
				B5460C2D23F28EB9002A199E /* KeywordTableViewCell.xib */,
				B5460C3623F2B0CA002A199E /* CategoryTableViewCell.swift */,
				B5460C3723F2B0CA002A199E /* CategoryTableViewCell.xib */,
				B5460C3A23F2B0DA002A199E /* NewsTableViewCell.swift */,
				B5460C3B23F2B0DA002A199E /* NewsTableViewCell.xib */,
			);
			path = View;
			sourceTree = "<group>";
		};
		B520382D23F3D0930025B571 /* Support Files */ = {
			isa = PBXGroup;
			children = (
				B5486D9823F23463008A5ABD /* Info.plist */,
				B5872F06247D11F300F12A8F /* Localizable.strings */,
				B5486D9323F23463008A5ABD /* Assets.xcassets */,
			);
			path = "Support Files";
			sourceTree = "<group>";
		};
		B520383323F3D5D70025B571 /* Common */ = {
			isa = PBXGroup;
			children = (
				B520383623F3D99A0025B571 /* Constant.swift */,
				B520383A23F3F0DC0025B571 /* RestAPIResponse.swift */,
				B565A5C023F669FA001055CF /* Util.swift */,
			);
			path = Common;
			sourceTree = "<group>";
		};
		B5486D7E23F23461008A5ABD = {
			isa = PBXGroup;
			children = (
				B5486D8923F23461008A5ABD /* scrapper */,
				B5486D8823F23461008A5ABD /* Products */,
				D17823CB5CB94EFA52932E86 /* Pods */,
				C9CCB33A37B95FF25FFFC127 /* Frameworks */,
			);
			sourceTree = "<group>";
		};
		B5486D8823F23461008A5ABD /* Products */ = {
			isa = PBXGroup;
			children = (
				B5486D8723F23461008A5ABD /* 뉴스스크랩.app */,
			);
			name = Products;
			sourceTree = "<group>";
		};
		B5486D8923F23461008A5ABD /* scrapper */ = {
			isa = PBXGroup;
			children = (
				B520381423F3CDEC0025B571 /* Application */,
				B520381923F3CF180025B571 /* Login */,
				B520382123F3D00C0025B571 /* News */,
				B520380F23F309900025B571 /* Manager */,
				B520382D23F3D0930025B571 /* Support Files */,
				B520383323F3D5D70025B571 /* Common */,
			);
			path = scrapper;
			sourceTree = "<group>";
		};
		C9CCB33A37B95FF25FFFC127 /* Frameworks */ = {
			isa = PBXGroup;
			children = (
				5B8B73B69D0B14133E5E3B2C /* Pods_scrapper.framework */,
			);
			name = Frameworks;
			sourceTree = "<group>";
		};
		D17823CB5CB94EFA52932E86 /* Pods */ = {
			isa = PBXGroup;
			children = (
				9536FFA7805617997291493C /* Pods-scrapper.debug.xcconfig */,
				9F87F1596BC1A78054548C59 /* Pods-scrapper.release.xcconfig */,
			);
			path = Pods;
			sourceTree = "<group>";
		};
/* End PBXGroup section */

/* Begin PBXNativeTarget section */
		B5486D8623F23461008A5ABD /* scrapper */ = {
			isa = PBXNativeTarget;
			buildConfigurationList = B5486D9B23F23463008A5ABD /* Build configuration list for PBXNativeTarget "scrapper" */;
			buildPhases = (
				9486AE1A2CD689AD6BA8F3F6 /* [CP] Check Pods Manifest.lock */,
				B5486D8323F23461008A5ABD /* Sources */,
				B5486D8423F23461008A5ABD /* Frameworks */,
				B5486D8523F23461008A5ABD /* Resources */,
				54F78D8962A0524F56F29088 /* [CP] Embed Pods Frameworks */,
			);
			buildRules = (
			);
			dependencies = (
			);
			name = scrapper;
			productName = scrapper;
			productReference = B5486D8723F23461008A5ABD /* 뉴스스크랩.app */;
			productType = "com.apple.product-type.application";
		};
/* End PBXNativeTarget section */

/* Begin PBXProject section */
		B5486D7F23F23461008A5ABD /* Project object */ = {
			isa = PBXProject;
			attributes = {
				LastSwiftUpdateCheck = 1130;
				LastUpgradeCheck = 1130;
				ORGANIZATIONNAME = johnny;
				TargetAttributes = {
					B5486D8623F23461008A5ABD = {
						CreatedOnToolsVersion = 11.3.1;
					};
				};
			};
			buildConfigurationList = B5486D8223F23461008A5ABD /* Build configuration list for PBXProject "scrapper" */;
			compatibilityVersion = "Xcode 9.3";
			developmentRegion = en;
			hasScannedForEncodings = 0;
			knownRegions = (
				en,
				Base,
				ko,
			);
			mainGroup = B5486D7E23F23461008A5ABD;
			productRefGroup = B5486D8823F23461008A5ABD /* Products */;
			projectDirPath = "";
			projectRoot = "";
			targets = (
				B5486D8623F23461008A5ABD /* scrapper */,
			);
		};
/* End PBXProject section */

/* Begin PBXResourcesBuildPhase section */
		B5486D8523F23461008A5ABD /* Resources */ = {
			isa = PBXResourcesBuildPhase;
			buildActionMask = 2147483647;
			files = (
				B5486D9723F23463008A5ABD /* LaunchScreen.storyboard in Resources */,
				B5460C3923F2B0CA002A199E /* CategoryTableViewCell.xib in Resources */,
				B5460C2F23F28EB9002A199E /* KeywordTableViewCell.xib in Resources */,
				B5872F04247D11F300F12A8F /* Localizable.strings in Resources */,
				B5486D9423F23463008A5ABD /* Assets.xcassets in Resources */,
				B5460C3D23F2B0DA002A199E /* NewsTableViewCell.xib in Resources */,
				B5486D9223F23461008A5ABD /* Main.storyboard in Resources */,
			);
			runOnlyForDeploymentPostprocessing = 0;
		};
/* End PBXResourcesBuildPhase section */

/* Begin PBXShellScriptBuildPhase section */
		54F78D8962A0524F56F29088 /* [CP] Embed Pods Frameworks */ = {
			isa = PBXShellScriptBuildPhase;
			buildActionMask = 2147483647;
			files = (
			);
			inputFileListPaths = (
				"${PODS_ROOT}/Target Support Files/Pods-scrapper/Pods-scrapper-frameworks-${CONFIGURATION}-input-files.xcfilelist",
			);
			name = "[CP] Embed Pods Frameworks";
			outputFileListPaths = (
				"${PODS_ROOT}/Target Support Files/Pods-scrapper/Pods-scrapper-frameworks-${CONFIGURATION}-output-files.xcfilelist",
			);
			runOnlyForDeploymentPostprocessing = 0;
			shellPath = /bin/sh;
			shellScript = "\"${PODS_ROOT}/Target Support Files/Pods-scrapper/Pods-scrapper-frameworks.sh\"\n";
			showEnvVarsInLog = 0;
		};
		9486AE1A2CD689AD6BA8F3F6 /* [CP] Check Pods Manifest.lock */ = {
			isa = PBXShellScriptBuildPhase;
			buildActionMask = 2147483647;
			files = (
			);
			inputFileListPaths = (
			);
			inputPaths = (
				"${PODS_PODFILE_DIR_PATH}/Podfile.lock",
				"${PODS_ROOT}/Manifest.lock",
			);
			name = "[CP] Check Pods Manifest.lock";
			outputFileListPaths = (
			);
			outputPaths = (
				"$(DERIVED_FILE_DIR)/Pods-scrapper-checkManifestLockResult.txt",
			);
			runOnlyForDeploymentPostprocessing = 0;
			shellPath = /bin/sh;
			shellScript = "diff \"${PODS_PODFILE_DIR_PATH}/Podfile.lock\" \"${PODS_ROOT}/Manifest.lock\" > /dev/null\nif [ $? != 0 ] ; then\n    # print error to STDERR\n    echo \"error: The sandbox is not in sync with the Podfile.lock. Run 'pod install' or update your CocoaPods installation.\" >&2\n    exit 1\nfi\n# This output is used by Xcode 'outputs' to avoid re-running this script phase.\necho \"SUCCESS\" > \"${SCRIPT_OUTPUT_FILE_0}\"\n";
			showEnvVarsInLog = 0;
		};
/* End PBXShellScriptBuildPhase section */

/* Begin PBXSourcesBuildPhase section */
		B5486D8323F23461008A5ABD /* Sources */ = {
			isa = PBXSourcesBuildPhase;
			buildActionMask = 2147483647;
			files = (
				B5460C3123F2A45B002A199E /* CategortyViewController.swift in Sources */,
				B565A5BD23F58726001055CF /* NaverNews.swift in Sources */,
				B5460C3C23F2B0DA002A199E /* NewsTableViewCell.swift in Sources */,
				B520383723F3D99A0025B571 /* Constant.swift in Sources */,
				B5486D8F23F23461008A5ABD /* LoginViewController.swift in Sources */,
				B520381123F30A280025B571 /* NetworkManager.swift in Sources */,
				B5460C2923F28BE2002A199E /* Keyword.swift in Sources */,
				B5486D8B23F23461008A5ABD /* AppDelegate.swift in Sources */,
				B520383B23F3F0DC0025B571 /* RestAPIResponse.swift in Sources */,
				B5460C2223F28A20002A199E /* KeywordViewController.swift in Sources */,
				B565A5BF23F64243001055CF /* BookMarkViewController.swift in Sources */,
				B57E879223F2EA2B002FC196 /* News.swift in Sources */,
				B565A5C123F669FA001055CF /* Util.swift in Sources */,
				B5460C3823F2B0CA002A199E /* CategoryTableViewCell.swift in Sources */,
				B5460C3523F2A6EC002A199E /* Category.swift in Sources */,
				B5486D8D23F23461008A5ABD /* SceneDelegate.swift in Sources */,
				B5460C2E23F28EB9002A199E /* KeywordTableViewCell.swift in Sources */,
				B5460C3323F2A648002A199E /* NewsListViewController.swift in Sources */,
			);
			runOnlyForDeploymentPostprocessing = 0;
		};
/* End PBXSourcesBuildPhase section */

/* Begin PBXVariantGroup section */
		B5486D9023F23461008A5ABD /* Main.storyboard */ = {
			isa = PBXVariantGroup;
			children = (
				B5486D9123F23461008A5ABD /* Base */,
				B5872F07247D120000F12A8F /* ko */,
			);
			name = Main.storyboard;
			sourceTree = "<group>";
		};
		B5486D9523F23463008A5ABD /* LaunchScreen.storyboard */ = {
			isa = PBXVariantGroup;
			children = (
				B5486D9623F23463008A5ABD /* Base */,
				B5872F08247D120000F12A8F /* ko */,
			);
			name = LaunchScreen.storyboard;
			sourceTree = "<group>";
		};
		B5872F06247D11F300F12A8F /* Localizable.strings */ = {
			isa = PBXVariantGroup;
			children = (
				B5872F05247D11F300F12A8F /* en */,
				B5872F09247D120000F12A8F /* ko */,
			);
			name = Localizable.strings;
			sourceTree = "<group>";
		};
/* End PBXVariantGroup section */

/* Begin XCBuildConfiguration section */
		B5486D9923F23463008A5ABD /* Debug */ = {
			isa = XCBuildConfiguration;
			buildSettings = {
				ALWAYS_SEARCH_USER_PATHS = NO;
				CLANG_ANALYZER_LOCALIZABILITY_NONLOCALIZED = YES;
				CLANG_ANALYZER_NONNULL = YES;
				CLANG_ANALYZER_NUMBER_OBJECT_CONVERSION = YES_AGGRESSIVE;
				CLANG_CXX_LANGUAGE_STANDARD = "gnu++14";
				CLANG_CXX_LIBRARY = "libc++";
				CLANG_ENABLE_MODULES = YES;
				CLANG_ENABLE_OBJC_ARC = YES;
				CLANG_ENABLE_OBJC_WEAK = YES;
				CLANG_WARN_BLOCK_CAPTURE_AUTORELEASING = YES;
				CLANG_WARN_BOOL_CONVERSION = YES;
				CLANG_WARN_COMMA = YES;
				CLANG_WARN_CONSTANT_CONVERSION = YES;
				CLANG_WARN_DEPRECATED_OBJC_IMPLEMENTATIONS = YES;
				CLANG_WARN_DIRECT_OBJC_ISA_USAGE = YES_ERROR;
				CLANG_WARN_DOCUMENTATION_COMMENTS = YES;
				CLANG_WARN_EMPTY_BODY = YES;
				CLANG_WARN_ENUM_CONVERSION = YES;
				CLANG_WARN_INFINITE_RECURSION = YES;
				CLANG_WARN_INT_CONVERSION = YES;
				CLANG_WARN_NON_LITERAL_NULL_CONVERSION = YES;
				CLANG_WARN_OBJC_IMPLICIT_RETAIN_SELF = YES;
				CLANG_WARN_OBJC_LITERAL_CONVERSION = YES;
				CLANG_WARN_OBJC_ROOT_CLASS = YES_ERROR;
				CLANG_WARN_RANGE_LOOP_ANALYSIS = YES;
				CLANG_WARN_STRICT_PROTOTYPES = YES;
				CLANG_WARN_SUSPICIOUS_MOVE = YES;
				CLANG_WARN_UNGUARDED_AVAILABILITY = YES_AGGRESSIVE;
				CLANG_WARN_UNREACHABLE_CODE = YES;
				CLANG_WARN__DUPLICATE_METHOD_MATCH = YES;
				COPY_PHASE_STRIP = NO;
				DEBUG_INFORMATION_FORMAT = dwarf;
				ENABLE_STRICT_OBJC_MSGSEND = YES;
				ENABLE_TESTABILITY = YES;
				GCC_C_LANGUAGE_STANDARD = gnu11;
				GCC_DYNAMIC_NO_PIC = NO;
				GCC_NO_COMMON_BLOCKS = YES;
				GCC_OPTIMIZATION_LEVEL = 0;
				GCC_PREPROCESSOR_DEFINITIONS = (
					"DEBUG=1",
					"$(inherited)",
				);
				GCC_WARN_64_TO_32_BIT_CONVERSION = YES;
				GCC_WARN_ABOUT_RETURN_TYPE = YES_ERROR;
				GCC_WARN_UNDECLARED_SELECTOR = YES;
				GCC_WARN_UNINITIALIZED_AUTOS = YES_AGGRESSIVE;
				GCC_WARN_UNUSED_FUNCTION = YES;
				GCC_WARN_UNUSED_VARIABLE = YES;
				IPHONEOS_DEPLOYMENT_TARGET = 13.2;
				MTL_ENABLE_DEBUG_INFO = INCLUDE_SOURCE;
				MTL_FAST_MATH = YES;
				ONLY_ACTIVE_ARCH = YES;
				SDKROOT = iphoneos;
				SWIFT_ACTIVE_COMPILATION_CONDITIONS = DEBUG;
				SWIFT_OPTIMIZATION_LEVEL = "-Onone";
			};
			name = Debug;
		};
		B5486D9A23F23463008A5ABD /* Release */ = {
			isa = XCBuildConfiguration;
			buildSettings = {
				ALWAYS_SEARCH_USER_PATHS = NO;
				CLANG_ANALYZER_LOCALIZABILITY_NONLOCALIZED = YES;
				CLANG_ANALYZER_NONNULL = YES;
				CLANG_ANALYZER_NUMBER_OBJECT_CONVERSION = YES_AGGRESSIVE;
				CLANG_CXX_LANGUAGE_STANDARD = "gnu++14";
				CLANG_CXX_LIBRARY = "libc++";
				CLANG_ENABLE_MODULES = YES;
				CLANG_ENABLE_OBJC_ARC = YES;
				CLANG_ENABLE_OBJC_WEAK = YES;
				CLANG_WARN_BLOCK_CAPTURE_AUTORELEASING = YES;
				CLANG_WARN_BOOL_CONVERSION = YES;
				CLANG_WARN_COMMA = YES;
				CLANG_WARN_CONSTANT_CONVERSION = YES;
				CLANG_WARN_DEPRECATED_OBJC_IMPLEMENTATIONS = YES;
				CLANG_WARN_DIRECT_OBJC_ISA_USAGE = YES_ERROR;
				CLANG_WARN_DOCUMENTATION_COMMENTS = YES;
				CLANG_WARN_EMPTY_BODY = YES;
				CLANG_WARN_ENUM_CONVERSION = YES;
				CLANG_WARN_INFINITE_RECURSION = YES;
				CLANG_WARN_INT_CONVERSION = YES;
				CLANG_WARN_NON_LITERAL_NULL_CONVERSION = YES;
				CLANG_WARN_OBJC_IMPLICIT_RETAIN_SELF = YES;
				CLANG_WARN_OBJC_LITERAL_CONVERSION = YES;
				CLANG_WARN_OBJC_ROOT_CLASS = YES_ERROR;
				CLANG_WARN_RANGE_LOOP_ANALYSIS = YES;
				CLANG_WARN_STRICT_PROTOTYPES = YES;
				CLANG_WARN_SUSPICIOUS_MOVE = YES;
				CLANG_WARN_UNGUARDED_AVAILABILITY = YES_AGGRESSIVE;
				CLANG_WARN_UNREACHABLE_CODE = YES;
				CLANG_WARN__DUPLICATE_METHOD_MATCH = YES;
				COPY_PHASE_STRIP = NO;
				DEBUG_INFORMATION_FORMAT = "dwarf-with-dsym";
				ENABLE_NS_ASSERTIONS = NO;
				ENABLE_STRICT_OBJC_MSGSEND = YES;
				GCC_C_LANGUAGE_STANDARD = gnu11;
				GCC_NO_COMMON_BLOCKS = YES;
				GCC_WARN_64_TO_32_BIT_CONVERSION = YES;
				GCC_WARN_ABOUT_RETURN_TYPE = YES_ERROR;
				GCC_WARN_UNDECLARED_SELECTOR = YES;
				GCC_WARN_UNINITIALIZED_AUTOS = YES_AGGRESSIVE;
				GCC_WARN_UNUSED_FUNCTION = YES;
				GCC_WARN_UNUSED_VARIABLE = YES;
				IPHONEOS_DEPLOYMENT_TARGET = 13.2;
				MTL_ENABLE_DEBUG_INFO = NO;
				MTL_FAST_MATH = YES;
				SDKROOT = iphoneos;
				SWIFT_COMPILATION_MODE = wholemodule;
				SWIFT_OPTIMIZATION_LEVEL = "-O";
				VALIDATE_PRODUCT = YES;
			};
			name = Release;
		};
		B5486D9C23F23463008A5ABD /* Debug */ = {
			isa = XCBuildConfiguration;
			baseConfigurationReference = 9536FFA7805617997291493C /* Pods-scrapper.debug.xcconfig */;
			buildSettings = {
				ASSETCATALOG_COMPILER_APPICON_NAME = AppIcon;
				CODE_SIGN_IDENTITY = "iPhone Developer";
				CODE_SIGN_STYLE = Manual;
				CURRENT_PROJECT_VERSION = 1;
				DEVELOPMENT_TEAM = DUV8UP2WXU;
				INFOPLIST_FILE = "scrapper/Support Files/Info.plist";
				LD_RUNPATH_SEARCH_PATHS = (
					"$(inherited)",
					"@executable_path/Frameworks",
				);
				MARKETING_VERSION = 1.1;
				PRODUCT_BUNDLE_IDENTIFIER = com.johnny.scrapper.dev;
				PRODUCT_NAME = "뉴스스크랩";
				PROVISIONING_PROFILE_SPECIFIER = johnny_newScrapper_provosioning_profile_dev;
				SWIFT_VERSION = 5.0;
				TARGETED_DEVICE_FAMILY = "1,2";
			};
			name = Debug;
		};
		B5486D9D23F23463008A5ABD /* Release */ = {
			isa = XCBuildConfiguration;
			baseConfigurationReference = 9F87F1596BC1A78054548C59 /* Pods-scrapper.release.xcconfig */;
			buildSettings = {
				ASSETCATALOG_COMPILER_APPICON_NAME = AppIcon;
				CODE_SIGN_IDENTITY = "iPhone Distribution";
				CODE_SIGN_STYLE = Manual;
				CURRENT_PROJECT_VERSION = 1;
				DEVELOPMENT_TEAM = DUV8UP2WXU;
				INFOPLIST_FILE = "scrapper/Support Files/Info.plist";
				LD_RUNPATH_SEARCH_PATHS = (
					"$(inherited)",
					"@executable_path/Frameworks",
				);
				MARKETING_VERSION = 1.1;
				PRODUCT_BUNDLE_IDENTIFIER = com.johnny.scrapper;
				PRODUCT_NAME = "뉴스스크랩";
				PROVISIONING_PROFILE_SPECIFIER = johnny_newScrapper_provosioning_profile;
				SWIFT_VERSION = 5.0;
				TARGETED_DEVICE_FAMILY = "1,2";
			};
			name = Release;
		};
/* End XCBuildConfiguration section */

/* Begin XCConfigurationList section */
		B5486D8223F23461008A5ABD /* Build configuration list for PBXProject "scrapper" */ = {
			isa = XCConfigurationList;
			buildConfigurations = (
				B5486D9923F23463008A5ABD /* Debug */,
				B5486D9A23F23463008A5ABD /* Release */,
			);
			defaultConfigurationIsVisible = 0;
			defaultConfigurationName = Release;
		};
		B5486D9B23F23463008A5ABD /* Build configuration list for PBXNativeTarget "scrapper" */ = {
			isa = XCConfigurationList;
			buildConfigurations = (
				B5486D9C23F23463008A5ABD /* Debug */,
				B5486D9D23F23463008A5ABD /* Release */,
			);
			defaultConfigurationIsVisible = 0;
			defaultConfigurationName = Release;
		};
/* End XCConfigurationList section */
	};
	rootObject = B5486D7F23F23461008A5ABD /* Project object */;
}
