// !$*UTF8*$!
{
	archiveVersion = 1;
	classes = {
	};
	objectVersion = 54;
	objects = {

/* Begin PBXBuildFile section */
		B520381123F30A280025B571 /* NetworkManager.swift in Sources */ = {isa = PBXBuildFile; fileRef = B520381023F30A280025B571 /* NetworkManager.swift */; };
		B520383723F3D99A0025B571 /* Constant.swift in Sources */ = {isa = PBXBuildFile; fileRef = B520383623F3D99A0025B571 /* Constant.swift */; };
		B520383B23F3F0DC0025B571 /* RestAPIResponse.swift in Sources */ = {isa = PBXBuildFile; fileRef = B520383A23F3F0DC0025B571 /* RestAPIResponse.swift */; };
		B5460C2223F28A20002A199E /* KeywordViewController.swift in Sources */ = {isa = PBXBuildFile; fileRef = B5460C2123F28A20002A199E /* KeywordViewController.swift */; };
		B5460C2923F28BE2002A199E /* Keyword.swift in Sources */ = {isa = PBXBuildFile; fileRef = B5460C2823F28BE2002A199E /* Keyword.swift */; };
		B5460C2E23F28EB9002A199E /* KeywordTableViewCell.swift in Sources */ = {isa = PBXBuildFile; fileRef = B5460C2C23F28EB9002A199E /* KeywordTableViewCell.swift */; };
		B5460C3123F2A45B002A199E /* CategortyViewController.swift in Sources */ = {isa = PBXBuildFile; fileRef = B5460C3023F2A45B002A199E /* CategortyViewController.swift */; };
		B5460C3323F2A648002A199E /* NewsListViewController.swift in Sources */ = {isa = PBXBuildFile; fileRef = B5460C3223F2A648002A199E /* NewsListViewController.swift */; };
		B5460C3523F2A6EC002A199E /* Category.swift in Sources */ = {isa = PBXBuildFile; fileRef = B5460C3423F2A6EC002A199E /* Category.swift */; };
		B5460C3823F2B0CA002A199E /* CategoryTableViewCell.swift in Sources */ = {isa = PBXBuildFile; fileRef = B5460C3623F2B0CA002A199E /* CategoryTableViewCell.swift */; };
		B5460C3923F2B0CA002A199E /* CategoryTableViewCell.xib in Resources */ = {isa = PBXBuildFile; fileRef = B5460C3723F2B0CA002A199E /* CategoryTableViewCell.xib */; };
		B5460C3C23F2B0DA002A199E /* NewsTableViewCell.swift in Sources */ = {isa = PBXBuildFile; fileRef = B5460C3A23F2B0DA002A199E /* NewsTableViewCell.swift */; };
		B5486D8B23F23461008A5ABD /* AppDelegate.swift in Sources */ = {isa = PBXBuildFile; fileRef = B5486D8A23F23461008A5ABD /* AppDelegate.swift */; };
		B5486D8D23F23461008A5ABD /* SceneDelegate.swift in Sources */ = {isa = PBXBuildFile; fileRef = B5486D8C23F23461008A5ABD /* SceneDelegate.swift */; };
		B5486D9223F23461008A5ABD /* Main.storyboard in Resources */ = {isa = PBXBuildFile; fileRef = B5486D9023F23461008A5ABD /* Main.storyboard */; };
		B5486D9423F23463008A5ABD /* Assets.xcassets in Resources */ = {isa = PBXBuildFile; fileRef = B5486D9323F23463008A5ABD /* Assets.xcassets */; };
		B5486D9723F23463008A5ABD /* LaunchScreen.storyboard in Resources */ = {isa = PBXBuildFile; fileRef = B5486D9523F23463008A5ABD /* LaunchScreen.storyboard */; };
		B5619A88250780A600D89694 /* UserDefaultManager.swift in Sources */ = {isa = PBXBuildFile; fileRef = B5619A87250780A600D89694 /* UserDefaultManager.swift */; };
		B565A5BD23F58726001055CF /* NaverNews.swift in Sources */ = {isa = PBXBuildFile; fileRef = B565A5BC23F58726001055CF /* NaverNews.swift */; };
		B565A5BF23F64243001055CF /* BookMarkViewController.swift in Sources */ = {isa = PBXBuildFile; fileRef = B565A5BE23F64243001055CF /* BookMarkViewController.swift */; };
		B565A5C123F669FA001055CF /* Util.swift in Sources */ = {isa = PBXBuildFile; fileRef = B565A5C023F669FA001055CF /* Util.swift */; };
		B57E879223F2EA2B002FC196 /* News.swift in Sources */ = {isa = PBXBuildFile; fileRef = B57E879123F2EA2B002FC196 /* News.swift */; };
		B5872F04247D11F300F12A8F /* Localizable.strings in Resources */ = {isa = PBXBuildFile; fileRef = B5872F06247D11F300F12A8F /* Localizable.strings */; };
		D618C07D2A8367AE00EA7998 /* PaySpac.swift in Sources */ = {isa = PBXBuildFile; fileRef = D618C07C2A8367AE00EA7998 /* PaySpac.swift */; };
		D62111102C2E7DEB00C5EA68 /* RealmSwift in Frameworks */ = {isa = PBXBuildFile; productRef = D621110F2C2E7DEB00C5EA68 /* RealmSwift */; };
		D62111112C2E886900C5EA68 /* RealmSwift in Embed Frameworks */ = {isa = PBXBuildFile; productRef = D621110F2C2E7DEB00C5EA68 /* RealmSwift */; settings = {ATTRIBUTES = (CodeSignOnCopy, ); }; };
		D63BEA202A3CC52B004DD22A /* KeywordGroupHeader.swift in Sources */ = {isa = PBXBuildFile; fileRef = D63BEA1F2A3CC52B004DD22A /* KeywordGroupHeader.swift */; };
		D63BEA222A3CC533004DD22A /* KeywordGroupHeader.xib in Resources */ = {isa = PBXBuildFile; fileRef = D63BEA212A3CC533004DD22A /* KeywordGroupHeader.xib */; };
		D63BEA242A3DE7BB004DD22A /* ExceptPublisherViewController.swift in Sources */ = {isa = PBXBuildFile; fileRef = D63BEA232A3DE7BB004DD22A /* ExceptPublisherViewController.swift */; };
		D654E5E02B16FC9500BF5EF7 /* FirebaseMessaging in Frameworks */ = {isa = PBXBuildFile; productRef = D654E5DF2B16FC9500BF5EF7 /* FirebaseMessaging */; };
		D654E5E22B18E52000BF5EF7 /* DiscountViewController.swift in Sources */ = {isa = PBXBuildFile; fileRef = D654E5E12B18E52000BF5EF7 /* DiscountViewController.swift */; };
		D661A9BD2A4C1D5F00E1EDBA /* SettingViewController.swift in Sources */ = {isa = PBXBuildFile; fileRef = D661A9BC2A4C1D5F00E1EDBA /* SettingViewController.swift */; };
		D661A9C02A4C5CDE00E1EDBA /* SwiftSoup in Frameworks */ = {isa = PBXBuildFile; productRef = D661A9BF2A4C5CDE00E1EDBA /* SwiftSoup */; };
		D661A9C22A4C5D3D00E1EDBA /* TodayViewController.swift in Sources */ = {isa = PBXBuildFile; fileRef = D661A9C12A4C5D3D00E1EDBA /* TodayViewController.swift */; };
		D661A9C52A4C71AB00E1EDBA /* FeedKit in Frameworks */ = {isa = PBXBuildFile; productRef = D661A9C42A4C71AB00E1EDBA /* FeedKit */; };
		D661A9C72A4C910A00E1EDBA /* PayViewController.swift in Sources */ = {isa = PBXBuildFile; fileRef = D661A9C62A4C910A00E1EDBA /* PayViewController.swift */; };
		D661A9C92A4C915800E1EDBA /* PromotionViewController.swift in Sources */ = {isa = PBXBuildFile; fileRef = D661A9C82A4C915800E1EDBA /* PromotionViewController.swift */; };
		D661A9CB2A4C933100E1EDBA /* BouncyButton.swift in Sources */ = {isa = PBXBuildFile; fileRef = D661A9CA2A4C933100E1EDBA /* BouncyButton.swift */; };
		D661A9D72A4DC52E00E1EDBA /* paywall2.mp4 in Resources */ = {isa = PBXBuildFile; fileRef = D661A9D42A4DC52E00E1EDBA /* paywall2.mp4 */; };
		D661A9D82A4DC52E00E1EDBA /* paywall3.mp4 in Resources */ = {isa = PBXBuildFile; fileRef = D661A9D52A4DC52E00E1EDBA /* paywall3.mp4 */; };
		D661A9D92A4DC52E00E1EDBA /* paywall1.mp4 in Resources */ = {isa = PBXBuildFile; fileRef = D661A9D62A4DC52E00E1EDBA /* paywall1.mp4 */; };
		D661A9DB2A4F2B6700E1EDBA /* OnboardingViewController.swift in Sources */ = {isa = PBXBuildFile; fileRef = D661A9DA2A4F2B6700E1EDBA /* OnboardingViewController.swift */; };
		D661A9DE2A4F2CF400E1EDBA /* OnboardingCell.swift in Sources */ = {isa = PBXBuildFile; fileRef = D661A9DC2A4F2CF400E1EDBA /* OnboardingCell.swift */; };
		D661A9DF2A4F2CF400E1EDBA /* OnboardingCell.xib in Resources */ = {isa = PBXBuildFile; fileRef = D661A9DD2A4F2CF400E1EDBA /* OnboardingCell.xib */; };
		D661A9E12A4F345900E1EDBA /* OnboardingItem.swift in Sources */ = {isa = PBXBuildFile; fileRef = D661A9E02A4F345900E1EDBA /* OnboardingItem.swift */; };
		D661A9E32A50442000E1EDBA /* MainViewController.swift in Sources */ = {isa = PBXBuildFile; fileRef = D661A9E22A50442000E1EDBA /* MainViewController.swift */; };
		D661A9E92A50851800E1EDBA /* Lottie in Frameworks */ = {isa = PBXBuildFile; productRef = D661A9E82A50851800E1EDBA /* Lottie */; };
		D661A9EB2A50852B00E1EDBA /* CustomAlertViewController.swift in Sources */ = {isa = PBXBuildFile; fileRef = D661A9EA2A50852B00E1EDBA /* CustomAlertViewController.swift */; };
		D661A9ED2A50868F00E1EDBA /* 18089-gold-coin.json in Resources */ = {isa = PBXBuildFile; fileRef = D661A9EC2A50868F00E1EDBA /* 18089-gold-coin.json */; };
		D661A9F22A519BEE00E1EDBA /* 9733-coin.json in Resources */ = {isa = PBXBuildFile; fileRef = D661A9F12A519BEE00E1EDBA /* 9733-coin.json */; };
		D6701FEC2C3576EB003B1DE0 /* GoogleMobileAds in Frameworks */ = {isa = PBXBuildFile; productRef = D6701FEB2C3576EB003B1DE0 /* GoogleMobileAds */; };
		D6701FEE2C357C41003B1DE0 /* LoginViewController.swift in Sources */ = {isa = PBXBuildFile; fileRef = D6701FED2C357C41003B1DE0 /* LoginViewController.swift */; };
		D6701FF02C357EA9003B1DE0 /* FirebaseAuth in Frameworks */ = {isa = PBXBuildFile; productRef = D6701FEF2C357EA9003B1DE0 /* FirebaseAuth */; };
		D6701FF22C358E1A003B1DE0 /* FirebaseDatabaseSwift in Frameworks */ = {isa = PBXBuildFile; productRef = D6701FF12C358E1A003B1DE0 /* FirebaseDatabaseSwift */; };
		D6701FF42C35925F003B1DE0 /* FirebaseAppCheck in Frameworks */ = {isa = PBXBuildFile; productRef = D6701FF32C35925F003B1DE0 /* FirebaseAppCheck */; };
		D6701FF62C3597F6003B1DE0 /* KeychainHelper.swift in Sources */ = {isa = PBXBuildFile; fileRef = D6701FF52C3597F6003B1DE0 /* KeychainHelper.swift */; };
		D6701FF82C395F97003B1DE0 /* FirebaseFirestoreSwift in Frameworks */ = {isa = PBXBuildFile; productRef = D6701FF72C395F97003B1DE0 /* FirebaseFirestoreSwift */; };
		D6701FFA2C3967C3003B1DE0 /* FirestoreManager.swift in Sources */ = {isa = PBXBuildFile; fileRef = D6701FF92C3967C3003B1DE0 /* FirestoreManager.swift */; };
		D6701FFC2C397C20003B1DE0 /* FirebaseAppCheck in Frameworks */ = {isa = PBXBuildFile; productRef = D6701FFB2C397C20003B1DE0 /* FirebaseAppCheck */; };
		D6701FFE2C398DBD003B1DE0 /* NotiSetting.swift in Sources */ = {isa = PBXBuildFile; fileRef = D6701FFD2C398DBD003B1DE0 /* NotiSetting.swift */; };
		D67020002C398EAE003B1DE0 /* LottieView.swift in Sources */ = {isa = PBXBuildFile; fileRef = D6701FFF2C398EAE003B1DE0 /* LottieView.swift */; };
		D67020022C3C2B4F003B1DE0 /* FirebaseFunctions in Frameworks */ = {isa = PBXBuildFile; productRef = D67020012C3C2B4F003B1DE0 /* FirebaseFunctions */; };
		D67020042C417395003B1DE0 /* Config.xcconfig in Resources */ = {isa = PBXBuildFile; fileRef = D67020032C417395003B1DE0 /* Config.xcconfig */; };
		D68767702A5E4D890024574B /* StoreKit.framework in Frameworks */ = {isa = PBXBuildFile; fileRef = D687676F2A5E4D890024574B /* StoreKit.framework */; };
		D68767722A5E4EBA0024574B /* IAPHelper.swift in Sources */ = {isa = PBXBuildFile; fileRef = D68767712A5E4EBA0024574B /* IAPHelper.swift */; };
		D68767742A5E52B90024574B /* 뉴스스크랩.storekit in Resources */ = {isa = PBXBuildFile; fileRef = D68767732A5E52B90024574B /* 뉴스스크랩.storekit */; };
		D68B1F0C2C49FA4400B8F2D1 /* FeedView.swift in Sources */ = {isa = PBXBuildFile; fileRef = D68B1F0B2C49FA4400B8F2D1 /* FeedView.swift */; };
		D6A13FA72A3B4DA2002A457B /* KeywordTableViewCell.xib in Resources */ = {isa = PBXBuildFile; fileRef = D6A13FA52A3B4DA2002A457B /* KeywordTableViewCell.xib */; };
		D6A13FAB2A3B4E47002A457B /* NewsTableViewCell.xib in Resources */ = {isa = PBXBuildFile; fileRef = D6A13FA92A3B4E47002A457B /* NewsTableViewCell.xib */; };
		D6A13FAE2A3B4F4C002A457B /* Alamofire in Frameworks */ = {isa = PBXBuildFile; productRef = D6A13FAD2A3B4F4C002A457B /* Alamofire */; };
		D6B8CF3A2AF91F0F00F6AC63 /* SwiftRater in Frameworks */ = {isa = PBXBuildFile; productRef = D6B8CF392AF91F0F00F6AC63 /* SwiftRater */; };
		D6D207A52B162B130093D59C /* GoogleService-Info.plist in Resources */ = {isa = PBXBuildFile; fileRef = D6D207A42B162B130093D59C /* GoogleService-Info.plist */; };
		D6D207A82B162C310093D59C /* FirebaseAnalyticsSwift in Frameworks */ = {isa = PBXBuildFile; productRef = D6D207A72B162C310093D59C /* FirebaseAnalyticsSwift */; };
		D6D207AA2B162C310093D59C /* FirebaseCrashlytics in Frameworks */ = {isa = PBXBuildFile; productRef = D6D207A92B162C310093D59C /* FirebaseCrashlytics */; };
		D6D207AC2B162C310093D59C /* FirebaseRemoteConfigSwift in Frameworks */ = {isa = PBXBuildFile; productRef = D6D207AB2B162C310093D59C /* FirebaseRemoteConfigSwift */; };
		D6D910652A8366C8009A852D /* NewsScrapTests.swift in Sources */ = {isa = PBXBuildFile; fileRef = D6D910642A8366C8009A852D /* NewsScrapTests.swift */; };
/* End PBXBuildFile section */

/* Begin PBXContainerItemProxy section */
		D6D910662A8366C8009A852D /* PBXContainerItemProxy */ = {
			isa = PBXContainerItemProxy;
			containerPortal = B5486D7F23F23461008A5ABD /* Project object */;
			proxyType = 1;
			remoteGlobalIDString = B5486D8623F23461008A5ABD;
			remoteInfo = scrapper;
		};
/* End PBXContainerItemProxy section */

/* Begin PBXCopyFilesBuildPhase section */
		D62111122C2E886900C5EA68 /* Embed Frameworks */ = {
			isa = PBXCopyFilesBuildPhase;
			buildActionMask = 2147483647;
			dstPath = "";
			dstSubfolderSpec = 10;
			files = (
				D62111112C2E886900C5EA68 /* RealmSwift in Embed Frameworks */,
			);
			name = "Embed Frameworks";
			runOnlyForDeploymentPostprocessing = 0;
		};
/* End PBXCopyFilesBuildPhase section */

/* Begin PBXFileReference section */
		B520381023F30A280025B571 /* NetworkManager.swift */ = {isa = PBXFileReference; lastKnownFileType = sourcecode.swift; path = NetworkManager.swift; sourceTree = "<group>"; };
		B520383623F3D99A0025B571 /* Constant.swift */ = {isa = PBXFileReference; lastKnownFileType = sourcecode.swift; path = Constant.swift; sourceTree = "<group>"; };
		B520383A23F3F0DC0025B571 /* RestAPIResponse.swift */ = {isa = PBXFileReference; lastKnownFileType = sourcecode.swift; path = RestAPIResponse.swift; sourceTree = "<group>"; };
		B5460C2123F28A20002A199E /* KeywordViewController.swift */ = {isa = PBXFileReference; lastKnownFileType = sourcecode.swift; path = KeywordViewController.swift; sourceTree = "<group>"; };
		B5460C2823F28BE2002A199E /* Keyword.swift */ = {isa = PBXFileReference; lastKnownFileType = sourcecode.swift; path = Keyword.swift; sourceTree = "<group>"; };
		B5460C2C23F28EB9002A199E /* KeywordTableViewCell.swift */ = {isa = PBXFileReference; lastKnownFileType = sourcecode.swift; path = KeywordTableViewCell.swift; sourceTree = "<group>"; };
		B5460C3023F2A45B002A199E /* CategortyViewController.swift */ = {isa = PBXFileReference; lastKnownFileType = sourcecode.swift; path = CategortyViewController.swift; sourceTree = "<group>"; };
		B5460C3223F2A648002A199E /* NewsListViewController.swift */ = {isa = PBXFileReference; lastKnownFileType = sourcecode.swift; path = NewsListViewController.swift; sourceTree = "<group>"; };
		B5460C3423F2A6EC002A199E /* Category.swift */ = {isa = PBXFileReference; lastKnownFileType = sourcecode.swift; path = Category.swift; sourceTree = "<group>"; };
		B5460C3623F2B0CA002A199E /* CategoryTableViewCell.swift */ = {isa = PBXFileReference; lastKnownFileType = sourcecode.swift; path = CategoryTableViewCell.swift; sourceTree = "<group>"; };
		B5460C3723F2B0CA002A199E /* CategoryTableViewCell.xib */ = {isa = PBXFileReference; lastKnownFileType = file.xib; path = CategoryTableViewCell.xib; sourceTree = "<group>"; };
		B5460C3A23F2B0DA002A199E /* NewsTableViewCell.swift */ = {isa = PBXFileReference; lastKnownFileType = sourcecode.swift; path = NewsTableViewCell.swift; sourceTree = "<group>"; };
		B5486D8723F23461008A5ABD /* NewsScrap.app */ = {isa = PBXFileReference; explicitFileType = wrapper.application; includeInIndex = 0; path = NewsScrap.app; sourceTree = BUILT_PRODUCTS_DIR; };
		B5486D8A23F23461008A5ABD /* AppDelegate.swift */ = {isa = PBXFileReference; lastKnownFileType = sourcecode.swift; path = AppDelegate.swift; sourceTree = "<group>"; };
		B5486D8C23F23461008A5ABD /* SceneDelegate.swift */ = {isa = PBXFileReference; lastKnownFileType = sourcecode.swift; path = SceneDelegate.swift; sourceTree = "<group>"; };
		B5486D9123F23461008A5ABD /* Base */ = {isa = PBXFileReference; lastKnownFileType = file.storyboard; name = Base; path = Base.lproj/Main.storyboard; sourceTree = "<group>"; };
		B5486D9323F23463008A5ABD /* Assets.xcassets */ = {isa = PBXFileReference; lastKnownFileType = folder.assetcatalog; path = Assets.xcassets; sourceTree = "<group>"; };
		B5486D9623F23463008A5ABD /* Base */ = {isa = PBXFileReference; lastKnownFileType = file.storyboard; name = Base; path = Base.lproj/LaunchScreen.storyboard; sourceTree = "<group>"; };
		B5486D9823F23463008A5ABD /* Info.plist */ = {isa = PBXFileReference; lastKnownFileType = text.plist.xml; path = Info.plist; sourceTree = "<group>"; };
		B5619A87250780A600D89694 /* UserDefaultManager.swift */ = {isa = PBXFileReference; lastKnownFileType = sourcecode.swift; path = UserDefaultManager.swift; sourceTree = "<group>"; };
		B565A5BC23F58726001055CF /* NaverNews.swift */ = {isa = PBXFileReference; lastKnownFileType = sourcecode.swift; path = NaverNews.swift; sourceTree = "<group>"; };
		B565A5BE23F64243001055CF /* BookMarkViewController.swift */ = {isa = PBXFileReference; lastKnownFileType = sourcecode.swift; path = BookMarkViewController.swift; sourceTree = "<group>"; };
		B565A5C023F669FA001055CF /* Util.swift */ = {isa = PBXFileReference; lastKnownFileType = sourcecode.swift; path = Util.swift; sourceTree = "<group>"; };
		B57E879123F2EA2B002FC196 /* News.swift */ = {isa = PBXFileReference; lastKnownFileType = sourcecode.swift; path = News.swift; sourceTree = "<group>"; };
		B5872F05247D11F300F12A8F /* en */ = {isa = PBXFileReference; lastKnownFileType = text.plist.strings; name = en; path = en.lproj/Localizable.strings; sourceTree = "<group>"; };
		B5872F07247D120000F12A8F /* ko */ = {isa = PBXFileReference; lastKnownFileType = text.plist.strings; name = ko; path = ko.lproj/Main.strings; sourceTree = "<group>"; };
		B5872F08247D120000F12A8F /* ko */ = {isa = PBXFileReference; lastKnownFileType = text.plist.strings; name = ko; path = ko.lproj/LaunchScreen.strings; sourceTree = "<group>"; };
		B5872F09247D120000F12A8F /* ko */ = {isa = PBXFileReference; lastKnownFileType = text.plist.strings; name = ko; path = ko.lproj/Localizable.strings; sourceTree = "<group>"; };
		D617DAFD2A3F37AA000329EF /* scrapperRelease.entitlements */ = {isa = PBXFileReference; lastKnownFileType = text.plist.entitlements; path = scrapperRelease.entitlements; sourceTree = "<group>"; };
		D617DAFE2A3F37AB000329EF /* scrapper.entitlements */ = {isa = PBXFileReference; lastKnownFileType = text.plist.entitlements; path = scrapper.entitlements; sourceTree = "<group>"; };
		D618C07C2A8367AE00EA7998 /* PaySpac.swift */ = {isa = PBXFileReference; lastKnownFileType = sourcecode.swift; path = PaySpac.swift; sourceTree = "<group>"; };
		D63BEA1F2A3CC52B004DD22A /* KeywordGroupHeader.swift */ = {isa = PBXFileReference; lastKnownFileType = sourcecode.swift; path = KeywordGroupHeader.swift; sourceTree = "<group>"; };
		D63BEA212A3CC533004DD22A /* KeywordGroupHeader.xib */ = {isa = PBXFileReference; lastKnownFileType = file.xib; path = KeywordGroupHeader.xib; sourceTree = "<group>"; };
		D63BEA232A3DE7BB004DD22A /* ExceptPublisherViewController.swift */ = {isa = PBXFileReference; lastKnownFileType = sourcecode.swift; path = ExceptPublisherViewController.swift; sourceTree = "<group>"; };
		D654E5E12B18E52000BF5EF7 /* DiscountViewController.swift */ = {isa = PBXFileReference; lastKnownFileType = sourcecode.swift; path = DiscountViewController.swift; sourceTree = "<group>"; };
		D661A9BC2A4C1D5F00E1EDBA /* SettingViewController.swift */ = {isa = PBXFileReference; lastKnownFileType = sourcecode.swift; path = SettingViewController.swift; sourceTree = "<group>"; };
		D661A9C12A4C5D3D00E1EDBA /* TodayViewController.swift */ = {isa = PBXFileReference; lastKnownFileType = sourcecode.swift; path = TodayViewController.swift; sourceTree = "<group>"; };
		D661A9C62A4C910A00E1EDBA /* PayViewController.swift */ = {isa = PBXFileReference; lastKnownFileType = sourcecode.swift; path = PayViewController.swift; sourceTree = "<group>"; };
		D661A9C82A4C915800E1EDBA /* PromotionViewController.swift */ = {isa = PBXFileReference; lastKnownFileType = sourcecode.swift; path = PromotionViewController.swift; sourceTree = "<group>"; };
		D661A9CA2A4C933100E1EDBA /* BouncyButton.swift */ = {isa = PBXFileReference; lastKnownFileType = sourcecode.swift; path = BouncyButton.swift; sourceTree = "<group>"; };
		D661A9D22A4DAAB100E1EDBA /* tunnel.mp4 */ = {isa = PBXFileReference; lastKnownFileType = file; path = tunnel.mp4; sourceTree = "<group>"; };
		D661A9D42A4DC52E00E1EDBA /* paywall2.mp4 */ = {isa = PBXFileReference; lastKnownFileType = file; path = paywall2.mp4; sourceTree = "<group>"; };
		D661A9D52A4DC52E00E1EDBA /* paywall3.mp4 */ = {isa = PBXFileReference; lastKnownFileType = file; path = paywall3.mp4; sourceTree = "<group>"; };
		D661A9D62A4DC52E00E1EDBA /* paywall1.mp4 */ = {isa = PBXFileReference; lastKnownFileType = file; path = paywall1.mp4; sourceTree = "<group>"; };
		D661A9DA2A4F2B6700E1EDBA /* OnboardingViewController.swift */ = {isa = PBXFileReference; lastKnownFileType = sourcecode.swift; path = OnboardingViewController.swift; sourceTree = "<group>"; };
		D661A9DC2A4F2CF400E1EDBA /* OnboardingCell.swift */ = {isa = PBXFileReference; lastKnownFileType = sourcecode.swift; path = OnboardingCell.swift; sourceTree = "<group>"; };
		D661A9DD2A4F2CF400E1EDBA /* OnboardingCell.xib */ = {isa = PBXFileReference; lastKnownFileType = file.xib; path = OnboardingCell.xib; sourceTree = "<group>"; };
		D661A9E02A4F345900E1EDBA /* OnboardingItem.swift */ = {isa = PBXFileReference; lastKnownFileType = sourcecode.swift; path = OnboardingItem.swift; sourceTree = "<group>"; };
		D661A9E22A50442000E1EDBA /* MainViewController.swift */ = {isa = PBXFileReference; lastKnownFileType = sourcecode.swift; path = MainViewController.swift; sourceTree = "<group>"; };
		D661A9EA2A50852B00E1EDBA /* CustomAlertViewController.swift */ = {isa = PBXFileReference; lastKnownFileType = sourcecode.swift; path = CustomAlertViewController.swift; sourceTree = "<group>"; };
		D661A9EC2A50868F00E1EDBA /* 18089-gold-coin.json */ = {isa = PBXFileReference; fileEncoding = 4; lastKnownFileType = text.json; path = "18089-gold-coin.json"; sourceTree = "<group>"; };
		D661A9F12A519BEE00E1EDBA /* 9733-coin.json */ = {isa = PBXFileReference; fileEncoding = 4; lastKnownFileType = text.json; path = "9733-coin.json"; sourceTree = "<group>"; };
		D6701FED2C357C41003B1DE0 /* LoginViewController.swift */ = {isa = PBXFileReference; lastKnownFileType = sourcecode.swift; path = LoginViewController.swift; sourceTree = "<group>"; };
		D6701FF52C3597F6003B1DE0 /* KeychainHelper.swift */ = {isa = PBXFileReference; lastKnownFileType = sourcecode.swift; path = KeychainHelper.swift; sourceTree = "<group>"; };
		D6701FF92C3967C3003B1DE0 /* FirestoreManager.swift */ = {isa = PBXFileReference; lastKnownFileType = sourcecode.swift; path = FirestoreManager.swift; sourceTree = "<group>"; };
		D6701FFD2C398DBD003B1DE0 /* NotiSetting.swift */ = {isa = PBXFileReference; lastKnownFileType = sourcecode.swift; path = NotiSetting.swift; sourceTree = "<group>"; };
		D6701FFF2C398EAE003B1DE0 /* LottieView.swift */ = {isa = PBXFileReference; lastKnownFileType = sourcecode.swift; path = LottieView.swift; sourceTree = "<group>"; };
		D67020032C417395003B1DE0 /* Config.xcconfig */ = {isa = PBXFileReference; fileEncoding = 4; lastKnownFileType = text.xcconfig; path = Config.xcconfig; sourceTree = "<group>"; };
		D687676F2A5E4D890024574B /* StoreKit.framework */ = {isa = PBXFileReference; lastKnownFileType = wrapper.framework; name = StoreKit.framework; path = System/Library/Frameworks/StoreKit.framework; sourceTree = SDKROOT; };
		D68767712A5E4EBA0024574B /* IAPHelper.swift */ = {isa = PBXFileReference; lastKnownFileType = sourcecode.swift; path = IAPHelper.swift; sourceTree = "<group>"; };
		D68767732A5E52B90024574B /* 뉴스스크랩.storekit */ = {isa = PBXFileReference; lastKnownFileType = text; path = "뉴스스크랩.storekit"; sourceTree = "<group>"; };
		D68B1F0B2C49FA4400B8F2D1 /* FeedView.swift */ = {isa = PBXFileReference; lastKnownFileType = sourcecode.swift; path = FeedView.swift; sourceTree = "<group>"; };
		D6A13FA52A3B4DA2002A457B /* KeywordTableViewCell.xib */ = {isa = PBXFileReference; lastKnownFileType = file.xib; path = KeywordTableViewCell.xib; sourceTree = "<group>"; };
		D6A13FA92A3B4E47002A457B /* NewsTableViewCell.xib */ = {isa = PBXFileReference; lastKnownFileType = file.xib; path = NewsTableViewCell.xib; sourceTree = "<group>"; };
		D6D207A42B162B130093D59C /* GoogleService-Info.plist */ = {isa = PBXFileReference; fileEncoding = 4; lastKnownFileType = text.plist.xml; path = "GoogleService-Info.plist"; sourceTree = "<group>"; };
		D6D910622A8366C8009A852D /* NewsScrapTests.xctest */ = {isa = PBXFileReference; explicitFileType = wrapper.cfbundle; includeInIndex = 0; path = NewsScrapTests.xctest; sourceTree = BUILT_PRODUCTS_DIR; };
		D6D910642A8366C8009A852D /* NewsScrapTests.swift */ = {isa = PBXFileReference; lastKnownFileType = sourcecode.swift; path = NewsScrapTests.swift; sourceTree = "<group>"; };
/* End PBXFileReference section */

/* Begin PBXFrameworksBuildPhase section */
		B5486D8423F23461008A5ABD /* Frameworks */ = {
			isa = PBXFrameworksBuildPhase;
			buildActionMask = 2147483647;
			files = (
				D6701FF22C358E1A003B1DE0 /* FirebaseDatabaseSwift in Frameworks */,
				D6701FFC2C397C20003B1DE0 /* FirebaseAppCheck in Frameworks */,
				D6701FEC2C3576EB003B1DE0 /* GoogleMobileAds in Frameworks */,
				D67020022C3C2B4F003B1DE0 /* FirebaseFunctions in Frameworks */,
				D6B8CF3A2AF91F0F00F6AC63 /* SwiftRater in Frameworks */,
				D661A9E92A50851800E1EDBA /* Lottie in Frameworks */,
				D62111102C2E7DEB00C5EA68 /* RealmSwift in Frameworks */,
				D6D207A82B162C310093D59C /* FirebaseAnalyticsSwift in Frameworks */,
				D6D207AA2B162C310093D59C /* FirebaseCrashlytics in Frameworks */,
				D6701FF82C395F97003B1DE0 /* FirebaseFirestoreSwift in Frameworks */,
				D68767702A5E4D890024574B /* StoreKit.framework in Frameworks */,
				D654E5E02B16FC9500BF5EF7 /* FirebaseMessaging in Frameworks */,
				D661A9C52A4C71AB00E1EDBA /* FeedKit in Frameworks */,
				D6D207AC2B162C310093D59C /* FirebaseRemoteConfigSwift in Frameworks */,
				D6701FF02C357EA9003B1DE0 /* FirebaseAuth in Frameworks */,
				D6A13FAE2A3B4F4C002A457B /* Alamofire in Frameworks */,
				D6701FF42C35925F003B1DE0 /* FirebaseAppCheck in Frameworks */,
				D661A9C02A4C5CDE00E1EDBA /* SwiftSoup in Frameworks */,
			);
			runOnlyForDeploymentPostprocessing = 0;
		};
		D6D9105F2A8366C8009A852D /* Frameworks */ = {
			isa = PBXFrameworksBuildPhase;
			buildActionMask = 2147483647;
			files = (
			);
			runOnlyForDeploymentPostprocessing = 0;
		};
/* End PBXFrameworksBuildPhase section */

/* Begin PBXGroup section */
		B520380F23F309900025B571 /* Manager */ = {
			isa = PBXGroup;
			children = (
				B520381023F30A280025B571 /* NetworkManager.swift */,
				B5619A87250780A600D89694 /* UserDefaultManager.swift */,
				D68767712A5E4EBA0024574B /* IAPHelper.swift */,
				D6701FF52C3597F6003B1DE0 /* KeychainHelper.swift */,
				D6701FF92C3967C3003B1DE0 /* FirestoreManager.swift */,
			);
			path = Manager;
			sourceTree = "<group>";
		};
		B520381423F3CDEC0025B571 /* Application */ = {
			isa = PBXGroup;
			children = (
				B5486D9023F23461008A5ABD /* Main.storyboard */,
				B5486D9523F23463008A5ABD /* LaunchScreen.storyboard */,
				B5486D8A23F23461008A5ABD /* AppDelegate.swift */,
				B5486D8C23F23461008A5ABD /* SceneDelegate.swift */,
			);
			path = Application;
			sourceTree = "<group>";
		};
		B520382123F3D00C0025B571 /* News */ = {
			isa = PBXGroup;
			children = (
				D68B1F0A2C49FA3600B8F2D1 /* Feed */,
				B520382223F3D00C0025B571 /* Controller */,
				B520382323F3D00C0025B571 /* Model */,
				B520382423F3D00C0025B571 /* View */,
			);
			path = News;
			sourceTree = "<group>";
		};
		B520382223F3D00C0025B571 /* Controller */ = {
			isa = PBXGroup;
			children = (
				B5460C2123F28A20002A199E /* KeywordViewController.swift */,
				D6701FED2C357C41003B1DE0 /* LoginViewController.swift */,
				D661A9EA2A50852B00E1EDBA /* CustomAlertViewController.swift */,
				D661A9DA2A4F2B6700E1EDBA /* OnboardingViewController.swift */,
				B5460C3023F2A45B002A199E /* CategortyViewController.swift */,
				B5460C3223F2A648002A199E /* NewsListViewController.swift */,
				B565A5BE23F64243001055CF /* BookMarkViewController.swift */,
				D63BEA232A3DE7BB004DD22A /* ExceptPublisherViewController.swift */,
				D661A9C12A4C5D3D00E1EDBA /* TodayViewController.swift */,
				D661A9BC2A4C1D5F00E1EDBA /* SettingViewController.swift */,
				D661A9C62A4C910A00E1EDBA /* PayViewController.swift */,
				D661A9C82A4C915800E1EDBA /* PromotionViewController.swift */,
				D661A9E22A50442000E1EDBA /* MainViewController.swift */,
				D654E5E12B18E52000BF5EF7 /* DiscountViewController.swift */,
				D6701FFD2C398DBD003B1DE0 /* NotiSetting.swift */,
			);
			path = Controller;
			sourceTree = "<group>";
		};
		B520382323F3D00C0025B571 /* Model */ = {
			isa = PBXGroup;
			children = (
				B5460C2823F28BE2002A199E /* Keyword.swift */,
				B565A5BC23F58726001055CF /* NaverNews.swift */,
				B5460C3423F2A6EC002A199E /* Category.swift */,
				B57E879123F2EA2B002FC196 /* News.swift */,
				D661A9E02A4F345900E1EDBA /* OnboardingItem.swift */,
			);
			path = Model;
			sourceTree = "<group>";
		};
		B520382423F3D00C0025B571 /* View */ = {
			isa = PBXGroup;
			children = (
				D63BEA1F2A3CC52B004DD22A /* KeywordGroupHeader.swift */,
				D6701FFF2C398EAE003B1DE0 /* LottieView.swift */,
				D661A9CA2A4C933100E1EDBA /* BouncyButton.swift */,
				D63BEA212A3CC533004DD22A /* KeywordGroupHeader.xib */,
				B5460C2C23F28EB9002A199E /* KeywordTableViewCell.swift */,
				D6A13FA52A3B4DA2002A457B /* KeywordTableViewCell.xib */,
				B5460C3623F2B0CA002A199E /* CategoryTableViewCell.swift */,
				B5460C3723F2B0CA002A199E /* CategoryTableViewCell.xib */,
				B5460C3A23F2B0DA002A199E /* NewsTableViewCell.swift */,
				D6A13FA92A3B4E47002A457B /* NewsTableViewCell.xib */,
				D661A9DC2A4F2CF400E1EDBA /* OnboardingCell.swift */,
				D661A9DD2A4F2CF400E1EDBA /* OnboardingCell.xib */,
			);
			path = View;
			sourceTree = "<group>";
		};
		B520382D23F3D0930025B571 /* Support Files */ = {
			isa = PBXGroup;
			children = (
				D6D207A42B162B130093D59C /* GoogleService-Info.plist */,
				D661A9EC2A50868F00E1EDBA /* 18089-gold-coin.json */,
				D67020032C417395003B1DE0 /* Config.xcconfig */,
				D68767732A5E52B90024574B /* 뉴스스크랩.storekit */,
				D661A9F12A519BEE00E1EDBA /* 9733-coin.json */,
				B5486D9823F23463008A5ABD /* Info.plist */,
				B5872F06247D11F300F12A8F /* Localizable.strings */,
				B5486D9323F23463008A5ABD /* Assets.xcassets */,
			);
			path = "Support Files";
			sourceTree = "<group>";
		};
		B520383323F3D5D70025B571 /* Common */ = {
			isa = PBXGroup;
			children = (
				B520383623F3D99A0025B571 /* Constant.swift */,
				B520383A23F3F0DC0025B571 /* RestAPIResponse.swift */,
				B565A5C023F669FA001055CF /* Util.swift */,
			);
			path = Common;
			sourceTree = "<group>";
		};
		B5486D7E23F23461008A5ABD = {
			isa = PBXGroup;
			children = (
				D661A9D62A4DC52E00E1EDBA /* paywall1.mp4 */,
				D661A9D42A4DC52E00E1EDBA /* paywall2.mp4 */,
				D661A9D52A4DC52E00E1EDBA /* paywall3.mp4 */,
				D661A9D22A4DAAB100E1EDBA /* tunnel.mp4 */,
				B5486D8923F23461008A5ABD /* scrapper */,
				D6D910632A8366C8009A852D /* NewsScrapTests */,
				B5486D8823F23461008A5ABD /* Products */,
				D687676E2A5E4D890024574B /* Frameworks */,
			);
			sourceTree = "<group>";
		};
		B5486D8823F23461008A5ABD /* Products */ = {
			isa = PBXGroup;
			children = (
				B5486D8723F23461008A5ABD /* NewsScrap.app */,
				D6D910622A8366C8009A852D /* NewsScrapTests.xctest */,
			);
			name = Products;
			sourceTree = "<group>";
		};
		B5486D8923F23461008A5ABD /* scrapper */ = {
			isa = PBXGroup;
			children = (
				D617DAFE2A3F37AB000329EF /* scrapper.entitlements */,
				D617DAFD2A3F37AA000329EF /* scrapperRelease.entitlements */,
				B520381423F3CDEC0025B571 /* Application */,
				B520382123F3D00C0025B571 /* News */,
				B520380F23F309900025B571 /* Manager */,
				B520382D23F3D0930025B571 /* Support Files */,
				B520383323F3D5D70025B571 /* Common */,
			);
			path = scrapper;
			sourceTree = "<group>";
		};
		D687676E2A5E4D890024574B /* Frameworks */ = {
			isa = PBXGroup;
			children = (
				D687676F2A5E4D890024574B /* StoreKit.framework */,
			);
			name = Frameworks;
			sourceTree = "<group>";
		};
		D68B1F0A2C49FA3600B8F2D1 /* Feed */ = {
			isa = PBXGroup;
			children = (
				D68B1F0B2C49FA4400B8F2D1 /* FeedView.swift */,
			);
			path = Feed;
			sourceTree = "<group>";
		};
		D6D910632A8366C8009A852D /* NewsScrapTests */ = {
			isa = PBXGroup;
			children = (
				D6D910642A8366C8009A852D /* NewsScrapTests.swift */,
				D618C07C2A8367AE00EA7998 /* PaySpac.swift */,
			);
			path = NewsScrapTests;
			sourceTree = "<group>";
		};
/* End PBXGroup section */

/* Begin PBXNativeTarget section */
		B5486D8623F23461008A5ABD /* scrapper */ = {
			isa = PBXNativeTarget;
			buildConfigurationList = B5486D9B23F23463008A5ABD /* Build configuration list for PBXNativeTarget "scrapper" */;
			buildPhases = (
				B5486D8323F23461008A5ABD /* Sources */,
				B5486D8423F23461008A5ABD /* Frameworks */,
				B5486D8523F23461008A5ABD /* Resources */,
				D62111122C2E886900C5EA68 /* Embed Frameworks */,
			);
			buildRules = (
			);
			dependencies = (
			);
			name = scrapper;
			packageProductDependencies = (
				D6A13FAD2A3B4F4C002A457B /* Alamofire */,
				D661A9BF2A4C5CDE00E1EDBA /* SwiftSoup */,
				D661A9C42A4C71AB00E1EDBA /* FeedKit */,
				D661A9E82A50851800E1EDBA /* Lottie */,
				D6B8CF392AF91F0F00F6AC63 /* SwiftRater */,
				D6D207A72B162C310093D59C /* FirebaseAnalyticsSwift */,
				D6D207A92B162C310093D59C /* FirebaseCrashlytics */,
				D6D207AB2B162C310093D59C /* FirebaseRemoteConfigSwift */,
				D654E5DF2B16FC9500BF5EF7 /* FirebaseMessaging */,
				D621110F2C2E7DEB00C5EA68 /* RealmSwift */,
				D6701FEB2C3576EB003B1DE0 /* GoogleMobileAds */,
				D6701FEF2C357EA9003B1DE0 /* FirebaseAuth */,
				D6701FF12C358E1A003B1DE0 /* FirebaseDatabaseSwift */,
				D6701FF32C35925F003B1DE0 /* FirebaseAppCheck */,
				D6701FF72C395F97003B1DE0 /* FirebaseFirestoreSwift */,
				D6701FFB2C397C20003B1DE0 /* FirebaseAppCheck */,
				D67020012C3C2B4F003B1DE0 /* FirebaseFunctions */,
			);
			productName = scrapper;
			productReference = B5486D8723F23461008A5ABD /* NewsScrap.app */;
			productType = "com.apple.product-type.application";
		};
		D6D910612A8366C8009A852D /* NewsScrapTests */ = {
			isa = PBXNativeTarget;
			buildConfigurationList = D6D9106A2A8366C8009A852D /* Build configuration list for PBXNativeTarget "NewsScrapTests" */;
			buildPhases = (
				D6D9105E2A8366C8009A852D /* Sources */,
				D6D9105F2A8366C8009A852D /* Frameworks */,
				D6D910602A8366C8009A852D /* Resources */,
			);
			buildRules = (
			);
			dependencies = (
				D6D910672A8366C8009A852D /* PBXTargetDependency */,
			);
			name = NewsScrapTests;
			packageProductDependencies = (
			);
			productName = NewsScrapTests;
			productReference = D6D910622A8366C8009A852D /* NewsScrapTests.xctest */;
			productType = "com.apple.product-type.bundle.unit-test";
		};
/* End PBXNativeTarget section */

/* Begin PBXProject section */
		B5486D7F23F23461008A5ABD /* Project object */ = {
			isa = PBXProject;
			attributes = {
				LastSwiftUpdateCheck = 1420;
				LastUpgradeCheck = 1420;
				ORGANIZATIONNAME = johnny;
				TargetAttributes = {
					B5486D8623F23461008A5ABD = {
						CreatedOnToolsVersion = 11.3.1;
					};
					D6D910612A8366C8009A852D = {
						CreatedOnToolsVersion = 14.2;
						TestTargetID = B5486D8623F23461008A5ABD;
					};
				};
			};
			buildConfigurationList = B5486D8223F23461008A5ABD /* Build configuration list for PBXProject "scrapper" */;
			compatibilityVersion = "Xcode 9.3";
			developmentRegion = en;
			hasScannedForEncodings = 0;
			knownRegions = (
				en,
				Base,
				ko,
			);
			mainGroup = B5486D7E23F23461008A5ABD;
			packageReferences = (
				D6A13FAC2A3B4F4C002A457B /* XCRemoteSwiftPackageReference "Alamofire" */,
				D6C6ACE72A3B524100438E61 /* XCRemoteSwiftPackageReference "realm-swift" */,
				D661A9BE2A4C5CDD00E1EDBA /* XCRemoteSwiftPackageReference "SwiftSoup" */,
				D661A9C32A4C71AB00E1EDBA /* XCRemoteSwiftPackageReference "FeedKit" */,
				D661A9E72A50851800E1EDBA /* XCRemoteSwiftPackageReference "lottie-ios" */,
				D6B8CF382AF91F0F00F6AC63 /* XCRemoteSwiftPackageReference "SwiftRater" */,
				D6D207A62B162C310093D59C /* XCRemoteSwiftPackageReference "firebase-ios-sdk" */,
				D6701FEA2C3576EA003B1DE0 /* XCRemoteSwiftPackageReference "swift-package-manager-google-mobile-ads" */,
			);
			productRefGroup = B5486D8823F23461008A5ABD /* Products */;
			projectDirPath = "";
			projectRoot = "";
			targets = (
				B5486D8623F23461008A5ABD /* scrapper */,
				D6D910612A8366C8009A852D /* NewsScrapTests */,
			);
		};
/* End PBXProject section */

/* Begin PBXResourcesBuildPhase section */
		B5486D8523F23461008A5ABD /* Resources */ = {
			isa = PBXResourcesBuildPhase;
			buildActionMask = 2147483647;
			files = (
				B5486D9723F23463008A5ABD /* LaunchScreen.storyboard in Resources */,
				D661A9DF2A4F2CF400E1EDBA /* OnboardingCell.xib in Resources */,
				D6A13FA72A3B4DA2002A457B /* KeywordTableViewCell.xib in Resources */,
				D63BEA222A3CC533004DD22A /* KeywordGroupHeader.xib in Resources */,
				D68767742A5E52B90024574B /* 뉴스스크랩.storekit in Resources */,
				D67020042C417395003B1DE0 /* Config.xcconfig in Resources */,
				D6A13FAB2A3B4E47002A457B /* NewsTableViewCell.xib in Resources */,
				B5460C3923F2B0CA002A199E /* CategoryTableViewCell.xib in Resources */,
				D661A9D72A4DC52E00E1EDBA /* paywall2.mp4 in Resources */,
				D661A9D82A4DC52E00E1EDBA /* paywall3.mp4 in Resources */,
				D661A9D92A4DC52E00E1EDBA /* paywall1.mp4 in Resources */,
				D661A9F22A519BEE00E1EDBA /* 9733-coin.json in Resources */,
				D6D207A52B162B130093D59C /* GoogleService-Info.plist in Resources */,
				B5872F04247D11F300F12A8F /* Localizable.strings in Resources */,
				B5486D9423F23463008A5ABD /* Assets.xcassets in Resources */,
				B5486D9223F23461008A5ABD /* Main.storyboard in Resources */,
				D661A9ED2A50868F00E1EDBA /* 18089-gold-coin.json in Resources */,
			);
			runOnlyForDeploymentPostprocessing = 0;
		};
		D6D910602A8366C8009A852D /* Resources */ = {
			isa = PBXResourcesBuildPhase;
			buildActionMask = 2147483647;
			files = (
			);
			runOnlyForDeploymentPostprocessing = 0;
		};
/* End PBXResourcesBuildPhase section */

/* Begin PBXSourcesBuildPhase section */
		B5486D8323F23461008A5ABD /* Sources */ = {
			isa = PBXSourcesBuildPhase;
			buildActionMask = 2147483647;
			files = (
				D67020002C398EAE003B1DE0 /* LottieView.swift in Sources */,
				D661A9CB2A4C933100E1EDBA /* BouncyButton.swift in Sources */,
				D6701FFA2C3967C3003B1DE0 /* FirestoreManager.swift in Sources */,
				D661A9C72A4C910A00E1EDBA /* PayViewController.swift in Sources */,
				B5460C3123F2A45B002A199E /* CategortyViewController.swift in Sources */,
				B565A5BD23F58726001055CF /* NaverNews.swift in Sources */,
				B5460C3C23F2B0DA002A199E /* NewsTableViewCell.swift in Sources */,
				B520383723F3D99A0025B571 /* Constant.swift in Sources */,
				D68B1F0C2C49FA4400B8F2D1 /* FeedView.swift in Sources */,
				B520381123F30A280025B571 /* NetworkManager.swift in Sources */,
				D661A9BD2A4C1D5F00E1EDBA /* SettingViewController.swift in Sources */,
				B5460C2923F28BE2002A199E /* Keyword.swift in Sources */,
				B5486D8B23F23461008A5ABD /* AppDelegate.swift in Sources */,
				B520383B23F3F0DC0025B571 /* RestAPIResponse.swift in Sources */,
				D6701FFE2C398DBD003B1DE0 /* NotiSetting.swift in Sources */,
				B5460C2223F28A20002A199E /* KeywordViewController.swift in Sources */,
				D661A9C22A4C5D3D00E1EDBA /* TodayViewController.swift in Sources */,
				D661A9E32A50442000E1EDBA /* MainViewController.swift in Sources */,
				B565A5BF23F64243001055CF /* BookMarkViewController.swift in Sources */,
				B57E879223F2EA2B002FC196 /* News.swift in Sources */,
				D68767722A5E4EBA0024574B /* IAPHelper.swift in Sources */,
				B565A5C123F669FA001055CF /* Util.swift in Sources */,
				D63BEA242A3DE7BB004DD22A /* ExceptPublisherViewController.swift in Sources */,
				B5460C3823F2B0CA002A199E /* CategoryTableViewCell.swift in Sources */,
				B5619A88250780A600D89694 /* UserDefaultManager.swift in Sources */,
				D6701FEE2C357C41003B1DE0 /* LoginViewController.swift in Sources */,
				D661A9DB2A4F2B6700E1EDBA /* OnboardingViewController.swift in Sources */,
				B5460C3523F2A6EC002A199E /* Category.swift in Sources */,
				B5486D8D23F23461008A5ABD /* SceneDelegate.swift in Sources */,
				B5460C2E23F28EB9002A199E /* KeywordTableViewCell.swift in Sources */,
				D661A9DE2A4F2CF400E1EDBA /* OnboardingCell.swift in Sources */,
				D63BEA202A3CC52B004DD22A /* KeywordGroupHeader.swift in Sources */,
				D661A9EB2A50852B00E1EDBA /* CustomAlertViewController.swift in Sources */,
				D661A9E12A4F345900E1EDBA /* OnboardingItem.swift in Sources */,
				D661A9C92A4C915800E1EDBA /* PromotionViewController.swift in Sources */,
				B5460C3323F2A648002A199E /* NewsListViewController.swift in Sources */,
				D654E5E22B18E52000BF5EF7 /* DiscountViewController.swift in Sources */,
				D6701FF62C3597F6003B1DE0 /* KeychainHelper.swift in Sources */,
			);
			runOnlyForDeploymentPostprocessing = 0;
		};
		D6D9105E2A8366C8009A852D /* Sources */ = {
			isa = PBXSourcesBuildPhase;
			buildActionMask = 2147483647;
			files = (
				D6D910652A8366C8009A852D /* NewsScrapTests.swift in Sources */,
				D618C07D2A8367AE00EA7998 /* PaySpac.swift in Sources */,
			);
			runOnlyForDeploymentPostprocessing = 0;
		};
/* End PBXSourcesBuildPhase section */

/* Begin PBXTargetDependency section */
		D6D910672A8366C8009A852D /* PBXTargetDependency */ = {
			isa = PBXTargetDependency;
			target = B5486D8623F23461008A5ABD /* scrapper */;
			targetProxy = D6D910662A8366C8009A852D /* PBXContainerItemProxy */;
		};
/* End PBXTargetDependency section */

/* Begin PBXVariantGroup section */
		B5486D9023F23461008A5ABD /* Main.storyboard */ = {
			isa = PBXVariantGroup;
			children = (
				B5486D9123F23461008A5ABD /* Base */,
				B5872F07247D120000F12A8F /* ko */,
			);
			name = Main.storyboard;
			sourceTree = "<group>";
		};
		B5486D9523F23463008A5ABD /* LaunchScreen.storyboard */ = {
			isa = PBXVariantGroup;
			children = (
				B5486D9623F23463008A5ABD /* Base */,
				B5872F08247D120000F12A8F /* ko */,
			);
			name = LaunchScreen.storyboard;
			sourceTree = "<group>";
		};
		B5872F06247D11F300F12A8F /* Localizable.strings */ = {
			isa = PBXVariantGroup;
			children = (
				B5872F05247D11F300F12A8F /* en */,
				B5872F09247D120000F12A8F /* ko */,
			);
			name = Localizable.strings;
			sourceTree = "<group>";
		};
/* End PBXVariantGroup section */

/* Begin XCBuildConfiguration section */
		B5486D9923F23463008A5ABD /* Debug */ = {
			isa = XCBuildConfiguration;
			buildSettings = {
				ALWAYS_SEARCH_USER_PATHS = NO;
				CLANG_ANALYZER_LOCALIZABILITY_NONLOCALIZED = YES;
				CLANG_ANALYZER_NONNULL = YES;
				CLANG_ANALYZER_NUMBER_OBJECT_CONVERSION = YES_AGGRESSIVE;
				CLANG_CXX_LANGUAGE_STANDARD = "gnu++14";
				CLANG_CXX_LIBRARY = "libc++";
				CLANG_ENABLE_MODULES = YES;
				CLANG_ENABLE_OBJC_ARC = YES;
				CLANG_ENABLE_OBJC_WEAK = YES;
				CLANG_WARN_BLOCK_CAPTURE_AUTORELEASING = YES;
				CLANG_WARN_BOOL_CONVERSION = YES;
				CLANG_WARN_COMMA = YES;
				CLANG_WARN_CONSTANT_CONVERSION = YES;
				CLANG_WARN_DEPRECATED_OBJC_IMPLEMENTATIONS = YES;
				CLANG_WARN_DIRECT_OBJC_ISA_USAGE = YES_ERROR;
				CLANG_WARN_DOCUMENTATION_COMMENTS = YES;
				CLANG_WARN_EMPTY_BODY = YES;
				CLANG_WARN_ENUM_CONVERSION = YES;
				CLANG_WARN_INFINITE_RECURSION = YES;
				CLANG_WARN_INT_CONVERSION = YES;
				CLANG_WARN_NON_LITERAL_NULL_CONVERSION = YES;
				CLANG_WARN_OBJC_IMPLICIT_RETAIN_SELF = YES;
				CLANG_WARN_OBJC_LITERAL_CONVERSION = YES;
				CLANG_WARN_OBJC_ROOT_CLASS = YES_ERROR;
				CLANG_WARN_QUOTED_INCLUDE_IN_FRAMEWORK_HEADER = YES;
				CLANG_WARN_RANGE_LOOP_ANALYSIS = YES;
				CLANG_WARN_STRICT_PROTOTYPES = YES;
				CLANG_WARN_SUSPICIOUS_MOVE = YES;
				CLANG_WARN_UNGUARDED_AVAILABILITY = YES_AGGRESSIVE;
				CLANG_WARN_UNREACHABLE_CODE = YES;
				CLANG_WARN__DUPLICATE_METHOD_MATCH = YES;
				COPY_PHASE_STRIP = NO;
				DEBUG_INFORMATION_FORMAT = dwarf;
				ENABLE_STRICT_OBJC_MSGSEND = YES;
				ENABLE_TESTABILITY = YES;
				EXCLUDED_ARCHS = "";
				"EXCLUDED_ARCHS[sdk=iphonesimulator*]" = arm64;
				GCC_C_LANGUAGE_STANDARD = gnu11;
				GCC_DYNAMIC_NO_PIC = NO;
				GCC_NO_COMMON_BLOCKS = YES;
				GCC_OPTIMIZATION_LEVEL = 0;
				GCC_PREPROCESSOR_DEFINITIONS = (
					"DEBUG=1",
					"$(inherited)",
				);
				GCC_WARN_64_TO_32_BIT_CONVERSION = YES;
				GCC_WARN_ABOUT_RETURN_TYPE = YES_ERROR;
				GCC_WARN_UNDECLARED_SELECTOR = YES;
				GCC_WARN_UNINITIALIZED_AUTOS = YES_AGGRESSIVE;
				GCC_WARN_UNUSED_FUNCTION = YES;
				GCC_WARN_UNUSED_VARIABLE = YES;
				IPHONEOS_DEPLOYMENT_TARGET = 14.0;
				MTL_ENABLE_DEBUG_INFO = INCLUDE_SOURCE;
				MTL_FAST_MATH = YES;
				ONLY_ACTIVE_ARCH = YES;
				SDKROOT = iphoneos;
				SWIFT_ACTIVE_COMPILATION_CONDITIONS = DEBUG;
				SWIFT_OPTIMIZATION_LEVEL = "-Onone";
			};
			name = Debug;
		};
		B5486D9A23F23463008A5ABD /* Release */ = {
			isa = XCBuildConfiguration;
			buildSettings = {
				ALWAYS_SEARCH_USER_PATHS = NO;
				CLANG_ANALYZER_LOCALIZABILITY_NONLOCALIZED = YES;
				CLANG_ANALYZER_NONNULL = YES;
				CLANG_ANALYZER_NUMBER_OBJECT_CONVERSION = YES_AGGRESSIVE;
				CLANG_CXX_LANGUAGE_STANDARD = "gnu++14";
				CLANG_CXX_LIBRARY = "libc++";
				CLANG_ENABLE_MODULES = YES;
				CLANG_ENABLE_OBJC_ARC = YES;
				CLANG_ENABLE_OBJC_WEAK = YES;
				CLANG_WARN_BLOCK_CAPTURE_AUTORELEASING = YES;
				CLANG_WARN_BOOL_CONVERSION = YES;
				CLANG_WARN_COMMA = YES;
				CLANG_WARN_CONSTANT_CONVERSION = YES;
				CLANG_WARN_DEPRECATED_OBJC_IMPLEMENTATIONS = YES;
				CLANG_WARN_DIRECT_OBJC_ISA_USAGE = YES_ERROR;
				CLANG_WARN_DOCUMENTATION_COMMENTS = YES;
				CLANG_WARN_EMPTY_BODY = YES;
				CLANG_WARN_ENUM_CONVERSION = YES;
				CLANG_WARN_INFINITE_RECURSION = YES;
				CLANG_WARN_INT_CONVERSION = YES;
				CLANG_WARN_NON_LITERAL_NULL_CONVERSION = YES;
				CLANG_WARN_OBJC_IMPLICIT_RETAIN_SELF = YES;
				CLANG_WARN_OBJC_LITERAL_CONVERSION = YES;
				CLANG_WARN_OBJC_ROOT_CLASS = YES_ERROR;
				CLANG_WARN_QUOTED_INCLUDE_IN_FRAMEWORK_HEADER = YES;
				CLANG_WARN_RANGE_LOOP_ANALYSIS = YES;
				CLANG_WARN_STRICT_PROTOTYPES = YES;
				CLANG_WARN_SUSPICIOUS_MOVE = YES;
				CLANG_WARN_UNGUARDED_AVAILABILITY = YES_AGGRESSIVE;
				CLANG_WARN_UNREACHABLE_CODE = YES;
				CLANG_WARN__DUPLICATE_METHOD_MATCH = YES;
				COPY_PHASE_STRIP = NO;
				DEBUG_INFORMATION_FORMAT = "dwarf-with-dsym";
				ENABLE_NS_ASSERTIONS = NO;
				ENABLE_STRICT_OBJC_MSGSEND = YES;
				EXCLUDED_ARCHS = "";
				"EXCLUDED_ARCHS[sdk=iphonesimulator*]" = arm64;
				GCC_C_LANGUAGE_STANDARD = gnu11;
				GCC_NO_COMMON_BLOCKS = YES;
				GCC_WARN_64_TO_32_BIT_CONVERSION = YES;
				GCC_WARN_ABOUT_RETURN_TYPE = YES_ERROR;
				GCC_WARN_UNDECLARED_SELECTOR = YES;
				GCC_WARN_UNINITIALIZED_AUTOS = YES_AGGRESSIVE;
				GCC_WARN_UNUSED_FUNCTION = YES;
				GCC_WARN_UNUSED_VARIABLE = YES;
				IPHONEOS_DEPLOYMENT_TARGET = 14.0;
				MTL_ENABLE_DEBUG_INFO = NO;
				MTL_FAST_MATH = YES;
				SDKROOT = iphoneos;
				SWIFT_COMPILATION_MODE = wholemodule;
				SWIFT_OPTIMIZATION_LEVEL = "-O";
				VALIDATE_PRODUCT = YES;
			};
			name = Release;
		};
		B5486D9C23F23463008A5ABD /* Debug */ = {
			isa = XCBuildConfiguration;
			baseConfigurationReference = D67020032C417395003B1DE0 /* Config.xcconfig */;
			buildSettings = {
				ASSETCATALOG_COMPILER_APPICON_NAME = AppIcon;
				CODE_SIGN_ENTITLEMENTS = scrapper/scrapper.entitlements;
				CODE_SIGN_IDENTITY = "Apple Development";
				CODE_SIGN_STYLE = Automatic;
				CURRENT_PROJECT_VERSION = 1;
				DEVELOPMENT_TEAM = DUV8UP2WXU;
				"EXCLUDED_ARCHS[sdk=iphonesimulator*]" = "";
				IBSC_MODULE = NewsScrap;
				INFOPLIST_FILE = "scrapper/Support Files/Info.plist";
				INFOPLIST_KEY_LSApplicationCategoryType = "public.app-category.news";
				IPHONEOS_DEPLOYMENT_TARGET = 15.0;
				LD_RUNPATH_SEARCH_PATHS = (
					"$(inherited)",
					"@executable_path/Frameworks",
				);
				MARKETING_VERSION = 3.0.0;
				OTHER_LDFLAGS = "-ObjC";
				PRODUCT_BUNDLE_IDENTIFIER = com.johnny.scrapper;
				PRODUCT_NAME = NewsScrap;
				PROVISIONING_PROFILE_SPECIFIER = "";
				SWIFT_VERSION = 5.0;
				TARGETED_DEVICE_FAMILY = "1,2";
			};
			name = Debug;
		};
		B5486D9D23F23463008A5ABD /* Release */ = {
			isa = XCBuildConfiguration;
			baseConfigurationReference = D67020032C417395003B1DE0 /* Config.xcconfig */;
			buildSettings = {
				ASSETCATALOG_COMPILER_APPICON_NAME = AppIcon;
				CODE_SIGN_ENTITLEMENTS = scrapper/scrapperRelease.entitlements;
				CODE_SIGN_IDENTITY = "Apple Development";
				CODE_SIGN_STYLE = Automatic;
				CURRENT_PROJECT_VERSION = 1;
				DEVELOPMENT_TEAM = DUV8UP2WXU;
				"EXCLUDED_ARCHS[sdk=iphonesimulator*]" = "";
				IBSC_MODULE = NewsScrap;
				INFOPLIST_FILE = "scrapper/Support Files/Info.plist";
				INFOPLIST_KEY_LSApplicationCategoryType = "public.app-category.news";
				IPHONEOS_DEPLOYMENT_TARGET = 15.0;
				LD_RUNPATH_SEARCH_PATHS = (
					"$(inherited)",
					"@executable_path/Frameworks",
				);
				MARKETING_VERSION = 3.0.0;
				ONLY_ACTIVE_ARCH = YES;
				OTHER_LDFLAGS = "-ObjC";
				PRODUCT_BUNDLE_IDENTIFIER = com.johnny.scrapper;
				PRODUCT_NAME = NewsScrap;
				PROVISIONING_PROFILE_SPECIFIER = "";
				SWIFT_VERSION = 5.0;
				TARGETED_DEVICE_FAMILY = "1,2";
			};
			name = Release;
		};
		D6D910682A8366C8009A852D /* Debug */ = {
			isa = XCBuildConfiguration;
			buildSettings = {
				BUNDLE_LOADER = "$(TEST_HOST)";
				CLANG_CXX_LANGUAGE_STANDARD = "gnu++20";
				CODE_SIGN_STYLE = Automatic;
				CURRENT_PROJECT_VERSION = 1;
				DEVELOPMENT_TEAM = DUV8UP2WXU;
				GENERATE_INFOPLIST_FILE = YES;
				IPHONEOS_DEPLOYMENT_TARGET = 16.2;
				MARKETING_VERSION = 1.0;
				PRODUCT_BUNDLE_IDENTIFIER = com.haar.NewsScrapTests;
				PRODUCT_NAME = "$(TARGET_NAME)";
				SWIFT_EMIT_LOC_STRINGS = NO;
				SWIFT_VERSION = 5.0;
				TARGETED_DEVICE_FAMILY = "1,2";
				TEST_HOST = "$(BUILT_PRODUCTS_DIR)/NewsScrap.app/$(BUNDLE_EXECUTABLE_FOLDER_PATH)/NewsScrap";
			};
			name = Debug;
		};
		D6D910692A8366C8009A852D /* Release */ = {
			isa = XCBuildConfiguration;
			buildSettings = {
				BUNDLE_LOADER = "$(TEST_HOST)";
				CLANG_CXX_LANGUAGE_STANDARD = "gnu++20";
				CODE_SIGN_STYLE = Automatic;
				CURRENT_PROJECT_VERSION = 1;
				DEVELOPMENT_TEAM = DUV8UP2WXU;
				GENERATE_INFOPLIST_FILE = YES;
				IPHONEOS_DEPLOYMENT_TARGET = 16.2;
				MARKETING_VERSION = 1.0;
				PRODUCT_BUNDLE_IDENTIFIER = com.haar.NewsScrapTests;
				PRODUCT_NAME = "$(TARGET_NAME)";
				SWIFT_EMIT_LOC_STRINGS = NO;
				SWIFT_VERSION = 5.0;
				TARGETED_DEVICE_FAMILY = "1,2";
				TEST_HOST = "$(BUILT_PRODUCTS_DIR)/NewsScrap.app/$(BUNDLE_EXECUTABLE_FOLDER_PATH)/NewsScrap";
			};
			name = Release;
		};
/* End XCBuildConfiguration section */

/* Begin XCConfigurationList section */
		B5486D8223F23461008A5ABD /* Build configuration list for PBXProject "scrapper" */ = {
			isa = XCConfigurationList;
			buildConfigurations = (
				B5486D9923F23463008A5ABD /* Debug */,
				B5486D9A23F23463008A5ABD /* Release */,
			);
			defaultConfigurationIsVisible = 0;
			defaultConfigurationName = Release;
		};
		B5486D9B23F23463008A5ABD /* Build configuration list for PBXNativeTarget "scrapper" */ = {
			isa = XCConfigurationList;
			buildConfigurations = (
				B5486D9C23F23463008A5ABD /* Debug */,
				B5486D9D23F23463008A5ABD /* Release */,
			);
			defaultConfigurationIsVisible = 0;
			defaultConfigurationName = Release;
		};
		D6D9106A2A8366C8009A852D /* Build configuration list for PBXNativeTarget "NewsScrapTests" */ = {
			isa = XCConfigurationList;
			buildConfigurations = (
				D6D910682A8366C8009A852D /* Debug */,
				D6D910692A8366C8009A852D /* Release */,
			);
			defaultConfigurationIsVisible = 0;
			defaultConfigurationName = Release;
		};
/* End XCConfigurationList section */

/* Begin XCRemoteSwiftPackageReference section */
		D661A9BE2A4C5CDD00E1EDBA /* XCRemoteSwiftPackageReference "SwiftSoup" */ = {
			isa = XCRemoteSwiftPackageReference;
			repositoryURL = "https://github.com/scinfu/SwiftSoup";
			requirement = {
				kind = upToNextMajorVersion;
				minimumVersion = 2.0.0;
			};
		};
		D661A9C32A4C71AB00E1EDBA /* XCRemoteSwiftPackageReference "FeedKit" */ = {
			isa = XCRemoteSwiftPackageReference;
			repositoryURL = "https://github.com/nmdias/FeedKit";
			requirement = {
				kind = upToNextMajorVersion;
				minimumVersion = 9.0.0;
			};
		};
		D661A9E72A50851800E1EDBA /* XCRemoteSwiftPackageReference "lottie-ios" */ = {
			isa = XCRemoteSwiftPackageReference;
			repositoryURL = "https://github.com/airbnb/lottie-ios";
			requirement = {
				kind = upToNextMajorVersion;
				minimumVersion = 4.0.0;
			};
		};
		D6701FEA2C3576EA003B1DE0 /* XCRemoteSwiftPackageReference "swift-package-manager-google-mobile-ads" */ = {
			isa = XCRemoteSwiftPackageReference;
			repositoryURL = "https://github.com/googleads/swift-package-manager-google-mobile-ads.git";
			requirement = {
				kind = upToNextMajorVersion;
				minimumVersion = 11.6.0;
			};
		};
		D6A13FAC2A3B4F4C002A457B /* XCRemoteSwiftPackageReference "Alamofire" */ = {
			isa = XCRemoteSwiftPackageReference;
			repositoryURL = "https://github.com/Alamofire/Alamofire";
			requirement = {
				kind = upToNextMajorVersion;
				minimumVersion = 5.0.0;
			};
		};
		D6B8CF382AF91F0F00F6AC63 /* XCRemoteSwiftPackageReference "SwiftRater" */ = {
			isa = XCRemoteSwiftPackageReference;
			repositoryURL = "https://github.com/takecian/SwiftRater";
			requirement = {
				kind = upToNextMajorVersion;
				minimumVersion = 2.0.0;
			};
		};
		D6C6ACE72A3B524100438E61 /* XCRemoteSwiftPackageReference "realm-swift" */ = {
			isa = XCRemoteSwiftPackageReference;
			repositoryURL = "https://github.com/realm/realm-swift";
			requirement = {
				branch = master;
				kind = branch;
			};
		};
		D6D207A62B162C310093D59C /* XCRemoteSwiftPackageReference "firebase-ios-sdk" */ = {
			isa = XCRemoteSwiftPackageReference;
			repositoryURL = "https://github.com/firebase/firebase-ios-sdk";
			requirement = {
				kind = upToNextMajorVersion;
				minimumVersion = 10.18.0;
			};
		};
/* End XCRemoteSwiftPackageReference section */

/* Begin XCSwiftPackageProductDependency section */
		D621110F2C2E7DEB00C5EA68 /* RealmSwift */ = {
			isa = XCSwiftPackageProductDependency;
			package = D6C6ACE72A3B524100438E61 /* XCRemoteSwiftPackageReference "realm-swift" */;
			productName = RealmSwift;
		};
		D654E5DF2B16FC9500BF5EF7 /* FirebaseMessaging */ = {
			isa = XCSwiftPackageProductDependency;
			productName = FirebaseMessaging;
		};
		D661A9BF2A4C5CDE00E1EDBA /* SwiftSoup */ = {
			isa = XCSwiftPackageProductDependency;
			package = D661A9BE2A4C5CDD00E1EDBA /* XCRemoteSwiftPackageReference "SwiftSoup" */;
			productName = SwiftSoup;
		};
		D661A9C42A4C71AB00E1EDBA /* FeedKit */ = {
			isa = XCSwiftPackageProductDependency;
			package = D661A9C32A4C71AB00E1EDBA /* XCRemoteSwiftPackageReference "FeedKit" */;
			productName = FeedKit;
		};
		D661A9E82A50851800E1EDBA /* Lottie */ = {
			isa = XCSwiftPackageProductDependency;
			package = D661A9E72A50851800E1EDBA /* XCRemoteSwiftPackageReference "lottie-ios" */;
			productName = Lottie;
		};
		D6701FEB2C3576EB003B1DE0 /* GoogleMobileAds */ = {
			isa = XCSwiftPackageProductDependency;
			package = D6701FEA2C3576EA003B1DE0 /* XCRemoteSwiftPackageReference "swift-package-manager-google-mobile-ads" */;
			productName = GoogleMobileAds;
		};
		D6701FEF2C357EA9003B1DE0 /* FirebaseAuth */ = {
			isa = XCSwiftPackageProductDependency;
			productName = FirebaseAuth;
		};
		D6701FF12C358E1A003B1DE0 /* FirebaseDatabaseSwift */ = {
			isa = XCSwiftPackageProductDependency;
			productName = FirebaseDatabaseSwift;
		};
		D6701FF32C35925F003B1DE0 /* FirebaseAppCheck */ = {
			isa = XCSwiftPackageProductDependency;
			productName = FirebaseAppCheck;
		};
		D6701FF72C395F97003B1DE0 /* FirebaseFirestoreSwift */ = {
			isa = XCSwiftPackageProductDependency;
			productName = FirebaseFirestoreSwift;
		};
		D6701FFB2C397C20003B1DE0 /* FirebaseAppCheck */ = {
			isa = XCSwiftPackageProductDependency;
			productName = FirebaseAppCheck;
		};
		D67020012C3C2B4F003B1DE0 /* FirebaseFunctions */ = {
			isa = XCSwiftPackageProductDependency;
			productName = FirebaseFunctions;
		};
		D6A13FAD2A3B4F4C002A457B /* Alamofire */ = {
			isa = XCSwiftPackageProductDependency;
			package = D6A13FAC2A3B4F4C002A457B /* XCRemoteSwiftPackageReference "Alamofire" */;
			productName = Alamofire;
		};
		D6B8CF392AF91F0F00F6AC63 /* SwiftRater */ = {
			isa = XCSwiftPackageProductDependency;
			package = D6B8CF382AF91F0F00F6AC63 /* XCRemoteSwiftPackageReference "SwiftRater" */;
			productName = SwiftRater;
		};
		D6D207A72B162C310093D59C /* FirebaseAnalyticsSwift */ = {
			isa = XCSwiftPackageProductDependency;
			package = D6D207A62B162C310093D59C /* XCRemoteSwiftPackageReference "firebase-ios-sdk" */;
			productName = FirebaseAnalyticsSwift;
		};
		D6D207A92B162C310093D59C /* FirebaseCrashlytics */ = {
			isa = XCSwiftPackageProductDependency;
			package = D6D207A62B162C310093D59C /* XCRemoteSwiftPackageReference "firebase-ios-sdk" */;
			productName = FirebaseCrashlytics;
		};
		D6D207AB2B162C310093D59C /* FirebaseRemoteConfigSwift */ = {
			isa = XCSwiftPackageProductDependency;
			package = D6D207A62B162C310093D59C /* XCRemoteSwiftPackageReference "firebase-ios-sdk" */;
			productName = FirebaseRemoteConfigSwift;
		};
/* End XCSwiftPackageProductDependency section */
	};
	rootObject = B5486D7F23F23461008A5ABD /* Project object */;
}
